
Microsoft Visual Studio Solution File, Format Version 10.00
# Visual C++ Express 2008
Project("{8BC9CEB8-8B4A-11D0-8D11-00A0C91BC942}") = "libfcache", "libfcache\libfcache.vcproj", "{3D19EAAD-9195-468B-BC5B-D147A89CA4F5}"
	ProjectSection(ProjectDependencies) = postProject
		{BD3A95FA-A3DE-4B79-A889-A7E5ECA4B69C} = {BD3A95FA-A3DE-4B79-A889-A7E5ECA4B69C}
		{8AFAA2C6-E025-4B45-B96F-A27D04C6115A} = {8AFAA2C6-E025-4B45-B96F-A27D04C6115A}
		{B9332DC8-7594-47DF-80C1-38922E0F4DFB} = {B9332DC8-7594-47DF-80C1-38922E0F4DFB}
	EndProjectSection
EndProject
Project("{8BC9CEB8-8B4A-11D0-8D11-00A0C91BC942}") = "libfguid", "libfguid\libfguid.vcproj", "{8C13E498-6369-4792-A0CF-B7134C54561B}"
	ProjectSection(ProjectDependencies) = postProject
		{BD3A95FA-A3DE-4B79-A889-A7E5ECA4B69C} = {BD3A95FA-A3DE-4B79-A889-A7E5ECA4B69C}
	EndProjectSection
EndProject
Project("{8BC9CEB8-8B4A-11D0-8D11-00A0C91BC942}") = "pff_test_allocation_table", "pff_test_allocation_table\pff_test_allocation_table.vcproj", "{AB7D208B-6B81-4F73-961E-CA344D126EA9}"
	ProjectSection(ProjectDependencies) = postProject
		{41CFAFBF-A1C8-4704-AFEF-31979E6452B9} = {41CFAFBF-A1C8-4704-AFEF-31979E6452B9}
		{3FFB9C05-1145-45A7-9ADE-5C8D70FBD7CA} = {3FFB9C05-1145-45A7-9ADE-5C8D70FBD7CA}
		{4C93BDD3-1804-47F3-9B34-F2DE0CAE1AE0} = {4C93BDD3-1804-47F3-9B34-F2DE0CAE1AE0}
		{BC27FF34-C859-4A1A-95D6-FC89952E1910} = {BC27FF34-C859-4A1A-95D6-FC89952E1910}
		{B86FB73A-4ACC-42DE-9545-586D93955B06} = {B86FB73A-4ACC-42DE-9545-586D93955B06}
		{5304AD69-D449-4589-B2C9-E4607E56A51D} = {5304AD69-D449-4589-B2C9-E4607E56A51D}
		{CEDF8919-00B2-4D8A-88CC-84ADB2D2FF89} = {CEDF8919-00B2-4D8A-88CC-84ADB2D2FF89}
		{B9332DC8-7594-47DF-80C1-38922E0F4DFB} = {B9332DC8-7594-47DF-80C1-38922E0F4DFB}
		{AF5BD1AB-6303-4227-8257-5E9CCBCA72D6} = {AF5BD1AB-6303-4227-8257-5E9CCBCA72D6}
		{BD3A95FA-A3DE-4B79-A889-A7E5ECA4B69C} = {BD3A95FA-A3DE-4B79-A889-A7E5ECA4B69C}
	EndProjectSection
EndProject
Project("{8BC9CEB8-8B4A-11D0-8D11-00A0C91BC942}") = "pff_test_attached_file_io_handle", "pff_test_attached_file_io_handle\pff_test_attached_file_io_handle.vcproj", "{ED0A60C8-609A-445A-9BD8-D9F702EFE1BA}"
	ProjectSection(ProjectDependencies) = postProject
		{AF5BD1AB-6303-4227-8257-5E9CCBCA72D6} = {AF5BD1AB-6303-4227-8257-5E9CCBCA72D6}
		{BD3A95FA-A3DE-4B79-A889-A7E5ECA4B69C} = {BD3A95FA-A3DE-4B79-A889-A7E5ECA4B69C}
	EndProjectSection
EndProject
Project("{8BC9CEB8-8B4A-11D0-8D11-00A0C91BC942}") = "pff_test_attachment", "pff_test_attachment\pff_test_attachment.vcproj", "{93409BDC-5D88-48B4-A96B-88E5E5D4DEEC}"
	ProjectSection(ProjectDependencies) = postProject
		{B9332DC8-7594-47DF-80C1-38922E0F4DFB} = {B9332DC8-7594-47DF-80C1-38922E0F4DFB}
		{AF5BD1AB-6303-4227-8257-5E9CCBCA72D6} = {AF5BD1AB-6303-4227-8257-5E9CCBCA72D6}
		{BD3A95FA-A3DE-4B79-A889-A7E5ECA4B69C} = {BD3A95FA-A3DE-4B79-A889-A7E5ECA4B69C}
	EndProjectSection
EndProject
Project("{8BC9CEB8-8B4A-11D0-8D11-00A0C91BC942}") = "pff_test_bit_stream", "pff_test_bit_stream\pff_test_bit_stream.vcproj", "{6855865B-DA24-4CD9-8E65-5D5358F2CB79}"
	ProjectSection(ProjectDependencies) = postProject
		{AF5BD1AB-6303-4227-8257-5E9CCBCA72D6} = {AF5BD1AB-6303-4227-8257-5E9CCBCA72D6}
		{BD3A95FA-A3DE-4B79-A889-A7E5ECA4B69C} = {BD3A95FA-A3DE-4B79-A889-A7E5ECA4B69C}
	EndProjectSection
EndProject
Project("{8BC9CEB8-8B4A-11D0-8D11-00A0C91BC942}") = "pff_test_block_descriptor", "pff_test_block_descriptor\pff_test_block_descriptor.vcproj", "{9602C176-1B6A-492B-8A1C-CB9C6E443EEF}"
	ProjectSection(ProjectDependencies) = postProject
		{AF5BD1AB-6303-4227-8257-5E9CCBCA72D6} = {AF5BD1AB-6303-4227-8257-5E9CCBCA72D6}
		{BD3A95FA-A3DE-4B79-A889-A7E5ECA4B69C} = {BD3A95FA-A3DE-4B79-A889-A7E5ECA4B69C}
	EndProjectSection
EndProject
Project("{8BC9CEB8-8B4A-11D0-8D11-00A0C91BC942}") = "pff_test_block_tree", "pff_test_block_tree\pff_test_block_tree.vcproj", "{0E9564F8-2852-4E92-8FD6-548AA6603DDF}"
	ProjectSection(ProjectDependencies) = postProject
		{AF5BD1AB-6303-4227-8257-5E9CCBCA72D6} = {AF5BD1AB-6303-4227-8257-5E9CCBCA72D6}
		{BD3A95FA-A3DE-4B79-A889-A7E5ECA4B69C} = {BD3A95FA-A3DE-4B79-A889-A7E5ECA4B69C}
	EndProjectSection
EndProject
Project("{8BC9CEB8-8B4A-11D0-8D11-00A0C91BC942}") = "pff_test_block_tree_node", "pff_test_block_tree_node\pff_test_block_tree_node.vcproj", "{9BB2AB86-D327-46B6-B6DE-BEFE28FCD774}"
	ProjectSection(ProjectDependencies) = postProject
		{AF5BD1AB-6303-4227-8257-5E9CCBCA72D6} = {AF5BD1AB-6303-4227-8257-5E9CCBCA72D6}
		{BD3A95FA-A3DE-4B79-A889-A7E5ECA4B69C} = {BD3A95FA-A3DE-4B79-A889-A7E5ECA4B69C}
	EndProjectSection
EndProject
Project("{8BC9CEB8-8B4A-11D0-8D11-00A0C91BC942}") = "pff_test_checksum", "pff_test_checksum\pff_test_checksum.vcproj", "{77F26317-9BA5-400D-B032-EBA381C6C2ED}"
	ProjectSection(ProjectDependencies) = postProject
		{AF5BD1AB-6303-4227-8257-5E9CCBCA72D6} = {AF5BD1AB-6303-4227-8257-5E9CCBCA72D6}
		{BD3A95FA-A3DE-4B79-A889-A7E5ECA4B69C} = {BD3A95FA-A3DE-4B79-A889-A7E5ECA4B69C}
	EndProjectSection
EndProject
Project("{8BC9CEB8-8B4A-11D0-8D11-00A0C91BC942}") = "pff_test_column_definition", "pff_test_column_definition\pff_test_column_definition.vcproj", "{B2441D8C-9546-456A-BDAB-0CD8E27B32AE}"
	ProjectSection(ProjectDependencies) = postProject
		{AF5BD1AB-6303-4227-8257-5E9CCBCA72D6} = {AF5BD1AB-6303-4227-8257-5E9CCBCA72D6}
		{BD3A95FA-A3DE-4B79-A889-A7E5ECA4B69C} = {BD3A95FA-A3DE-4B79-A889-A7E5ECA4B69C}
	EndProjectSection
EndProject
Project("{8BC9CEB8-8B4A-11D0-8D11-00A0C91BC942}") = "pff_test_compression", "pff_test_compression\pff_test_compression.vcproj", "{5D4AB9DF-F5A4-48B5-80F6-F15EC1D1F32E}"
	ProjectSection(ProjectDependencies) = postProject
		{AF5BD1AB-6303-4227-8257-5E9CCBCA72D6} = {AF5BD1AB-6303-4227-8257-5E9CCBCA72D6}
		{BD3A95FA-A3DE-4B79-A889-A7E5ECA4B69C} = {BD3A95FA-A3DE-4B79-A889-A7E5ECA4B69C}
	EndProjectSection
EndProject
Project("{8BC9CEB8-8B4A-11D0-8D11-00A0C91BC942}") = "pff_test_data_array", "pff_test_data_array\pff_test_data_array.vcproj", "{72AFA3A5-8C8A-4CD3-A0D5-DAB31504B733}"
	ProjectSection(ProjectDependencies) = postProject
		{AF5BD1AB-6303-4227-8257-5E9CCBCA72D6} = {AF5BD1AB-6303-4227-8257-5E9CCBCA72D6}
		{BD3A95FA-A3DE-4B79-A889-A7E5ECA4B69C} = {BD3A95FA-A3DE-4B79-A889-A7E5ECA4B69C}
	EndProjectSection
EndProject
Project("{8BC9CEB8-8B4A-11D0-8D11-00A0C91BC942}") = "pff_test_data_array_entry", "pff_test_data_array_entry\pff_test_data_array_entry.vcproj", "{E9D0CA17-569E-4C09-B833-C512672E1DF1}"
	ProjectSection(ProjectDependencies) = postProject
		{AF5BD1AB-6303-4227-8257-5E9CCBCA72D6} = {AF5BD1AB-6303-4227-8257-5E9CCBCA72D6}
		{BD3A95FA-A3DE-4B79-A889-A7E5ECA4B69C} = {BD3A95FA-A3DE-4B79-A889-A7E5ECA4B69C}
	EndProjectSection
EndProject
Project("{8BC9CEB8-8B4A-11D0-8D11-00A0C91BC942}") = "pff_test_data_block", "pff_test_data_block\pff_test_data_block.vcproj", "{1EF9E0A2-E24B-4AB2-9B72-0329DBEB6F5F}"
	ProjectSection(ProjectDependencies) = postProject
		{41CFAFBF-A1C8-4704-AFEF-31979E6452B9} = {41CFAFBF-A1C8-4704-AFEF-31979E6452B9}
		{3FFB9C05-1145-45A7-9ADE-5C8D70FBD7CA} = {3FFB9C05-1145-45A7-9ADE-5C8D70FBD7CA}
		{4C93BDD3-1804-47F3-9B34-F2DE0CAE1AE0} = {4C93BDD3-1804-47F3-9B34-F2DE0CAE1AE0}
		{BC27FF34-C859-4A1A-95D6-FC89952E1910} = {BC27FF34-C859-4A1A-95D6-FC89952E1910}
		{B86FB73A-4ACC-42DE-9545-586D93955B06} = {B86FB73A-4ACC-42DE-9545-586D93955B06}
		{5304AD69-D449-4589-B2C9-E4607E56A51D} = {5304AD69-D449-4589-B2C9-E4607E56A51D}
		{CEDF8919-00B2-4D8A-88CC-84ADB2D2FF89} = {CEDF8919-00B2-4D8A-88CC-84ADB2D2FF89}
		{B9332DC8-7594-47DF-80C1-38922E0F4DFB} = {B9332DC8-7594-47DF-80C1-38922E0F4DFB}
		{AF5BD1AB-6303-4227-8257-5E9CCBCA72D6} = {AF5BD1AB-6303-4227-8257-5E9CCBCA72D6}
		{BD3A95FA-A3DE-4B79-A889-A7E5ECA4B69C} = {BD3A95FA-A3DE-4B79-A889-A7E5ECA4B69C}
	EndProjectSection
EndProject
Project("{8BC9CEB8-8B4A-11D0-8D11-00A0C91BC942}") = "pff_test_deflate", "pff_test_deflate\pff_test_deflate.vcproj", "{27CB9EE6-C3C8-4D59-A9E5-159C0D3780B5}"
	ProjectSection(ProjectDependencies) = postProject
		{5304AD69-D449-4589-B2C9-E4607E56A51D} = {5304AD69-D449-4589-B2C9-E4607E56A51D}
		{AF5BD1AB-6303-4227-8257-5E9CCBCA72D6} = {AF5BD1AB-6303-4227-8257-5E9CCBCA72D6}
		{BD3A95FA-A3DE-4B79-A889-A7E5ECA4B69C} = {BD3A95FA-A3DE-4B79-A889-A7E5ECA4B69C}
	EndProjectSection
EndProject
Project("{8BC9CEB8-8B4A-11D0-8D11-00A0C91BC942}") = "pff_test_descriptors_index", "pff_test_descriptors_index\pff_test_descriptors_index.vcproj", "{BFC77FDA-E32E-4DFA-AB15-DF32C0B4884D}"
	ProjectSection(ProjectDependencies) = postProject
		{AF5BD1AB-6303-4227-8257-5E9CCBCA72D6} = {AF5BD1AB-6303-4227-8257-5E9CCBCA72D6}
		{BD3A95FA-A3DE-4B79-A889-A7E5ECA4B69C} = {BD3A95FA-A3DE-4B79-A889-A7E5ECA4B69C}
	EndProjectSection
EndProject
Project("{8BC9CEB8-8B4A-11D0-8D11-00A0C91BC942}") = "pff_test_encryption", "pff_test_encryption\pff_test_encryption.vcproj", "{A364CFEF-5B70-40E4-9501-BDBA9638D8CD}"
	ProjectSection(ProjectDependencies) = postProject
		{AF5BD1AB-6303-4227-8257-5E9CCBCA72D6} = {AF5BD1AB-6303-4227-8257-5E9CCBCA72D6}
		{BD3A95FA-A3DE-4B79-A889-A7E5ECA4B69C} = {BD3A95FA-A3DE-4B79-A889-A7E5ECA4B69C}
	EndProjectSection
EndProject
Project("{8BC9CEB8-8B4A-11D0-8D11-00A0C91BC942}") = "pff_test_error", "pff_test_error\pff_test_error.vcproj", "{972B7094-DEA2-4C50-BC84-CA671DF8641D}"
	ProjectSection(ProjectDependencies) = postProject
		{AF5BD1AB-6303-4227-8257-5E9CCBCA72D6} = {AF5BD1AB-6303-4227-8257-5E9CCBCA72D6}
	EndProjectSection
EndProject
Project("{8BC9CEB8-8B4A-11D0-8D11-00A0C91BC942}") = "pff_test_file", "pff_test_file\pff_test_file.vcproj", "{450080E3-79C5-496E-A36B-ED327599B98D}"
	ProjectSection(ProjectDependencies) = postProject
		{41CFAFBF-A1C8-4704-AFEF-31979E6452B9} = {41CFAFBF-A1C8-4704-AFEF-31979E6452B9}
		{3FFB9C05-1145-45A7-9ADE-5C8D70FBD7CA} = {3FFB9C05-1145-45A7-9ADE-5C8D70FBD7CA}
		{4C93BDD3-1804-47F3-9B34-F2DE0CAE1AE0} = {4C93BDD3-1804-47F3-9B34-F2DE0CAE1AE0}
		{BC27FF34-C859-4A1A-95D6-FC89952E1910} = {BC27FF34-C859-4A1A-95D6-FC89952E1910}
		{B86FB73A-4ACC-42DE-9545-586D93955B06} = {B86FB73A-4ACC-42DE-9545-586D93955B06}
		{5304AD69-D449-4589-B2C9-E4607E56A51D} = {5304AD69-D449-4589-B2C9-E4607E56A51D}
		{CEDF8919-00B2-4D8A-88CC-84ADB2D2FF89} = {CEDF8919-00B2-4D8A-88CC-84ADB2D2FF89}
		{B9332DC8-7594-47DF-80C1-38922E0F4DFB} = {B9332DC8-7594-47DF-80C1-38922E0F4DFB}
		{AF5BD1AB-6303-4227-8257-5E9CCBCA72D6} = {AF5BD1AB-6303-4227-8257-5E9CCBCA72D6}
		{8AFAA2C6-E025-4B45-B96F-A27D04C6115A} = {8AFAA2C6-E025-4B45-B96F-A27D04C6115A}
		{BD3A95FA-A3DE-4B79-A889-A7E5ECA4B69C} = {BD3A95FA-A3DE-4B79-A889-A7E5ECA4B69C}
	EndProjectSection
EndProject
Project("{8BC9CEB8-8B4A-11D0-8D11-00A0C91BC942}") = "pff_test_file_header", "pff_test_file_header\pff_test_file_header.vcproj", "{2B8D2A5D-50B8-4A0D-BF07-A50C83ED669E}"
	ProjectSection(ProjectDependencies) = postProject
		{41CFAFBF-A1C8-4704-AFEF-31979E6452B9} = {41CFAFBF-A1C8-4704-AFEF-31979E6452B9}
		{3FFB9C05-1145-45A7-9ADE-5C8D70FBD7CA} = {3FFB9C05-1145-45A7-9ADE-5C8D70FBD7CA}
		{4C93BDD3-1804-47F3-9B34-F2DE0CAE1AE0} = {4C93BDD3-1804-47F3-9B34-F2DE0CAE1AE0}
		{BC27FF34-C859-4A1A-95D6-FC89952E1910} = {BC27FF34-C859-4A1A-95D6-FC89952E1910}
		{B86FB73A-4ACC-42DE-9545-586D93955B06} = {B86FB73A-4ACC-42DE-9545-586D93955B06}
		{5304AD69-D449-4589-B2C9-E4607E56A51D} = {5304AD69-D449-4589-B2C9-E4607E56A51D}
		{CEDF8919-00B2-4D8A-88CC-84ADB2D2FF89} = {CEDF8919-00B2-4D8A-88CC-84ADB2D2FF89}
		{B9332DC8-7594-47DF-80C1-38922E0F4DFB} = {B9332DC8-7594-47DF-80C1-38922E0F4DFB}
		{AF5BD1AB-6303-4227-8257-5E9CCBCA72D6} = {AF5BD1AB-6303-4227-8257-5E9CCBCA72D6}
		{BD3A95FA-A3DE-4B79-A889-A7E5ECA4B69C} = {BD3A95FA-A3DE-4B79-A889-A7E5ECA4B69C}
	EndProjectSection
EndProject
Project("{8BC9CEB8-8B4A-11D0-8D11-00A0C91BC942}") = "pff_test_folder", "pff_test_folder\pff_test_folder.vcproj", "{05D8EF21-7D87-46F6-8C2A-7E6AD9F734F0}"
	ProjectSection(ProjectDependencies) = postProject
		{AF5BD1AB-6303-4227-8257-5E9CCBCA72D6} = {AF5BD1AB-6303-4227-8257-5E9CCBCA72D6}
		{BD3A95FA-A3DE-4B79-A889-A7E5ECA4B69C} = {BD3A95FA-A3DE-4B79-A889-A7E5ECA4B69C}
	EndProjectSection
EndProject
Project("{8BC9CEB8-8B4A-11D0-8D11-00A0C91BC942}") = "pff_test_free_map", "pff_test_free_map\pff_test_free_map.vcproj", "{AECA1696-EAB6-4DFE-AF06-0C3A91EDAEB9}"
	ProjectSection(ProjectDependencies) = postProject
		{41CFAFBF-A1C8-4704-AFEF-31979E6452B9} = {41CFAFBF-A1C8-4704-AFEF-31979E6452B9}
		{3FFB9C05-1145-45A7-9ADE-5C8D70FBD7CA} = {3FFB9C05-1145-45A7-9ADE-5C8D70FBD7CA}
		{4C93BDD3-1804-47F3-9B34-F2DE0CAE1AE0} = {4C93BDD3-1804-47F3-9B34-F2DE0CAE1AE0}
		{BC27FF34-C859-4A1A-95D6-FC89952E1910} = {BC27FF34-C859-4A1A-95D6-FC89952E1910}
		{B86FB73A-4ACC-42DE-9545-586D93955B06} = {B86FB73A-4ACC-42DE-9545-586D93955B06}
		{5304AD69-D449-4589-B2C9-E4607E56A51D} = {5304AD69-D449-4589-B2C9-E4607E56A51D}
		{CEDF8919-00B2-4D8A-88CC-84ADB2D2FF89} = {CEDF8919-00B2-4D8A-88CC-84ADB2D2FF89}
		{B9332DC8-7594-47DF-80C1-38922E0F4DFB} = {B9332DC8-7594-47DF-80C1-38922E0F4DFB}
		{AF5BD1AB-6303-4227-8257-5E9CCBCA72D6} = {AF5BD1AB-6303-4227-8257-5E9CCBCA72D6}
		{BD3A95FA-A3DE-4B79-A889-A7E5ECA4B69C} = {BD3A95FA-A3DE-4B79-A889-A7E5ECA4B69C}
	EndProjectSection
EndProject
Project("{8BC9CEB8-8B4A-11D0-8D11-00A0C91BC942}") = "pff_test_huffman_tree", "pff_test_huffman_tree\pff_test_huffman_tree.vcproj", "{4738C5D2-3800-45A5-BB13-1C7EE127F09A}"
	ProjectSection(ProjectDependencies) = postProject
		{AF5BD1AB-6303-4227-8257-5E9CCBCA72D6} = {AF5BD1AB-6303-4227-8257-5E9CCBCA72D6}
		{BD3A95FA-A3DE-4B79-A889-A7E5ECA4B69C} = {BD3A95FA-A3DE-4B79-A889-A7E5ECA4B69C}
	EndProjectSection
EndProject
Project("{8BC9CEB8-8B4A-11D0-8D11-00A0C91BC942}") = "pff_test_index", "pff_test_index\pff_test_index.vcproj", "{FDA8E70A-F16B-4AB8-995F-D0AD5EEB00DC}"
	ProjectSection(ProjectDependencies) = postProject
		{AF5BD1AB-6303-4227-8257-5E9CCBCA72D6} = {AF5BD1AB-6303-4227-8257-5E9CCBCA72D6}
		{BD3A95FA-A3DE-4B79-A889-A7E5ECA4B69C} = {BD3A95FA-A3DE-4B79-A889-A7E5ECA4B69C}
	EndProjectSection
EndProject
Project("{8BC9CEB8-8B4A-11D0-8D11-00A0C91BC942}") = "pff_test_index_node", "pff_test_index_node\pff_test_index_node.vcproj", "{F001D382-0FF4-4235-BB21-1596976C1273}"
	ProjectSection(ProjectDependencies) = postProject
		{41CFAFBF-A1C8-4704-AFEF-31979E6452B9} = {41CFAFBF-A1C8-4704-AFEF-31979E6452B9}
		{3FFB9C05-1145-45A7-9ADE-5C8D70FBD7CA} = {3FFB9C05-1145-45A7-9ADE-5C8D70FBD7CA}
		{4C93BDD3-1804-47F3-9B34-F2DE0CAE1AE0} = {4C93BDD3-1804-47F3-9B34-F2DE0CAE1AE0}
		{BC27FF34-C859-4A1A-95D6-FC89952E1910} = {BC27FF34-C859-4A1A-95D6-FC89952E1910}
		{B86FB73A-4ACC-42DE-9545-586D93955B06} = {B86FB73A-4ACC-42DE-9545-586D93955B06}
		{5304AD69-D449-4589-B2C9-E4607E56A51D} = {5304AD69-D449-4589-B2C9-E4607E56A51D}
		{CEDF8919-00B2-4D8A-88CC-84ADB2D2FF89} = {CEDF8919-00B2-4D8A-88CC-84ADB2D2FF89}
		{B9332DC8-7594-47DF-80C1-38922E0F4DFB} = {B9332DC8-7594-47DF-80C1-38922E0F4DFB}
		{AF5BD1AB-6303-4227-8257-5E9CCBCA72D6} = {AF5BD1AB-6303-4227-8257-5E9CCBCA72D6}
		{BD3A95FA-A3DE-4B79-A889-A7E5ECA4B69C} = {BD3A95FA-A3DE-4B79-A889-A7E5ECA4B69C}
	EndProjectSection
EndProject
Project("{8BC9CEB8-8B4A-11D0-8D11-00A0C91BC942}") = "pff_test_index_value", "pff_test_index_value\pff_test_index_value.vcproj", "{7A60F60A-8681-4A08-85C9-95EE116B0A72}"
	ProjectSection(ProjectDependencies) = postProject
		{AF5BD1AB-6303-4227-8257-5E9CCBCA72D6} = {AF5BD1AB-6303-4227-8257-5E9CCBCA72D6}
		{BD3A95FA-A3DE-4B79-A889-A7E5ECA4B69C} = {BD3A95FA-A3DE-4B79-A889-A7E5ECA4B69C}
	EndProjectSection
EndProject
Project("{8BC9CEB8-8B4A-11D0-8D11-00A0C91BC942}") = "pff_test_io_handle", "pff_test_io_handle\pff_test_io_handle.vcproj", "{4B59BC2E-FE1B-44E6-8E3B-6DF09BC7C94F}"
	ProjectSection(ProjectDependencies) = postProject
		{AF5BD1AB-6303-4227-8257-5E9CCBCA72D6} = {AF5BD1AB-6303-4227-8257-5E9CCBCA72D6}
		{BD3A95FA-A3DE-4B79-A889-A7E5ECA4B69C} = {BD3A95FA-A3DE-4B79-A889-A7E5ECA4B69C}
	EndProjectSection
EndProject
Project("{8BC9CEB8-8B4A-11D0-8D11-00A0C91BC942}") = "pff_test_item", "pff_test_item\pff_test_item.vcproj", "{B15E2BE1-9872-4834-8D9B-5BC71B0D5FEB}"
	ProjectSection(ProjectDependencies) = postProject
		{B9332DC8-7594-47DF-80C1-38922E0F4DFB} = {B9332DC8-7594-47DF-80C1-38922E0F4DFB}
		{AF5BD1AB-6303-4227-8257-5E9CCBCA72D6} = {AF5BD1AB-6303-4227-8257-5E9CCBCA72D6}
		{BD3A95FA-A3DE-4B79-A889-A7E5ECA4B69C} = {BD3A95FA-A3DE-4B79-A889-A7E5ECA4B69C}
	EndProjectSection
EndProject
Project("{8BC9CEB8-8B4A-11D0-8D11-00A0C91BC942}") = "pff_test_item_descriptor", "pff_test_item_descriptor\pff_test_item_descriptor.vcproj", "{3F62FCD2-F489-473F-B69B-F6D02E8A34BD}"
	ProjectSection(ProjectDependencies) = postProject
		{AF5BD1AB-6303-4227-8257-5E9CCBCA72D6} = {AF5BD1AB-6303-4227-8257-5E9CCBCA72D6}
		{BD3A95FA-A3DE-4B79-A889-A7E5ECA4B69C} = {BD3A95FA-A3DE-4B79-A889-A7E5ECA4B69C}
	EndProjectSection
EndProject
Project("{8BC9CEB8-8B4A-11D0-8D11-00A0C91BC942}") = "pff_test_item_tree", "pff_test_item_tree\pff_test_item_tree.vcproj", "{9678671D-96FF-4EAA-B0C7-47384D5ACB73}"
	ProjectSection(ProjectDependencies) = postProject
		{AF5BD1AB-6303-4227-8257-5E9CCBCA72D6} = {AF5BD1AB-6303-4227-8257-5E9CCBCA72D6}
		{BD3A95FA-A3DE-4B79-A889-A7E5ECA4B69C} = {BD3A95FA-A3DE-4B79-A889-A7E5ECA4B69C}
	EndProjectSection
EndProject
Project("{8BC9CEB8-8B4A-11D0-8D11-00A0C91BC942}") = "pff_test_item_values", "pff_test_item_values\pff_test_item_values.vcproj", "{C37A4858-E82E-4A9E-B75F-2A833A428288}"
	ProjectSection(ProjectDependencies) = postProject
		{AF5BD1AB-6303-4227-8257-5E9CCBCA72D6} = {AF5BD1AB-6303-4227-8257-5E9CCBCA72D6}
		{BD3A95FA-A3DE-4B79-A889-A7E5ECA4B69C} = {BD3A95FA-A3DE-4B79-A889-A7E5ECA4B69C}
	EndProjectSection
EndProject
Project("{8BC9CEB8-8B4A-11D0-8D11-00A0C91BC942}") = "pff_test_local_descriptor_value", "pff_test_local_descriptor_value\pff_test_local_descriptor_value.vcproj", "{DBA1DAD6-A334-453D-9396-488BCE335A09}"
	ProjectSection(ProjectDependencies) = postProject
		{AF5BD1AB-6303-4227-8257-5E9CCBCA72D6} = {AF5BD1AB-6303-4227-8257-5E9CCBCA72D6}
		{BD3A95FA-A3DE-4B79-A889-A7E5ECA4B69C} = {BD3A95FA-A3DE-4B79-A889-A7E5ECA4B69C}
	EndProjectSection
EndProject
Project("{8BC9CEB8-8B4A-11D0-8D11-00A0C91BC942}") = "pff_test_local_descriptors", "pff_test_local_descriptors\pff_test_local_descriptors.vcproj", "{E74B66CF-843D-4BB4-9EF7-2A882E0D79F6}"
	ProjectSection(ProjectDependencies) = postProject
		{AF5BD1AB-6303-4227-8257-5E9CCBCA72D6} = {AF5BD1AB-6303-4227-8257-5E9CCBCA72D6}
		{BD3A95FA-A3DE-4B79-A889-A7E5ECA4B69C} = {BD3A95FA-A3DE-4B79-A889-A7E5ECA4B69C}
	EndProjectSection
EndProject
Project("{8BC9CEB8-8B4A-11D0-8D11-00A0C91BC942}") = "pff_test_local_descriptors_node", "pff_test_local_descriptors_node\pff_test_local_descriptors_node.vcproj", "{906D9A07-C996-4B38-A309-0E42898D0E90}"
	ProjectSection(ProjectDependencies) = postProject
		{41CFAFBF-A1C8-4704-AFEF-31979E6452B9} = {41CFAFBF-A1C8-4704-AFEF-31979E6452B9}
		{3FFB9C05-1145-45A7-9ADE-5C8D70FBD7CA} = {3FFB9C05-1145-45A7-9ADE-5C8D70FBD7CA}
		{4C93BDD3-1804-47F3-9B34-F2DE0CAE1AE0} = {4C93BDD3-1804-47F3-9B34-F2DE0CAE1AE0}
		{BC27FF34-C859-4A1A-95D6-FC89952E1910} = {BC27FF34-C859-4A1A-95D6-FC89952E1910}
		{B86FB73A-4ACC-42DE-9545-586D93955B06} = {B86FB73A-4ACC-42DE-9545-586D93955B06}
		{5304AD69-D449-4589-B2C9-E4607E56A51D} = {5304AD69-D449-4589-B2C9-E4607E56A51D}
		{CEDF8919-00B2-4D8A-88CC-84ADB2D2FF89} = {CEDF8919-00B2-4D8A-88CC-84ADB2D2FF89}
		{B9332DC8-7594-47DF-80C1-38922E0F4DFB} = {B9332DC8-7594-47DF-80C1-38922E0F4DFB}
		{AF5BD1AB-6303-4227-8257-5E9CCBCA72D6} = {AF5BD1AB-6303-4227-8257-5E9CCBCA72D6}
		{BD3A95FA-A3DE-4B79-A889-A7E5ECA4B69C} = {BD3A95FA-A3DE-4B79-A889-A7E5ECA4B69C}
	EndProjectSection
EndProject
Project("{8BC9CEB8-8B4A-11D0-8D11-00A0C91BC942}") = "pff_test_local_descriptors_tree", "pff_test_local_descriptors_tree\pff_test_local_descriptors_tree.vcproj", "{3B102BD7-BA05-43ED-86DD-B115578E7C8D}"
	ProjectSection(ProjectDependencies) = postProject
		{41CFAFBF-A1C8-4704-AFEF-31979E6452B9} = {41CFAFBF-A1C8-4704-AFEF-31979E6452B9}
		{3FFB9C05-1145-45A7-9ADE-5C8D70FBD7CA} = {3FFB9C05-1145-45A7-9ADE-5C8D70FBD7CA}
		{4C93BDD3-1804-47F3-9B34-F2DE0CAE1AE0} = {4C93BDD3-1804-47F3-9B34-F2DE0CAE1AE0}
		{BC27FF34-C859-4A1A-95D6-FC89952E1910} = {BC27FF34-C859-4A1A-95D6-FC89952E1910}
		{B86FB73A-4ACC-42DE-9545-586D93955B06} = {B86FB73A-4ACC-42DE-9545-586D93955B06}
		{5304AD69-D449-4589-B2C9-E4607E56A51D} = {5304AD69-D449-4589-B2C9-E4607E56A51D}
		{CEDF8919-00B2-4D8A-88CC-84ADB2D2FF89} = {CEDF8919-00B2-4D8A-88CC-84ADB2D2FF89}
		{B9332DC8-7594-47DF-80C1-38922E0F4DFB} = {B9332DC8-7594-47DF-80C1-38922E0F4DFB}
		{AF5BD1AB-6303-4227-8257-5E9CCBCA72D6} = {AF5BD1AB-6303-4227-8257-5E9CCBCA72D6}
		{BD3A95FA-A3DE-4B79-A889-A7E5ECA4B69C} = {BD3A95FA-A3DE-4B79-A889-A7E5ECA4B69C}
	EndProjectSection
EndProject
Project("{8BC9CEB8-8B4A-11D0-8D11-00A0C91BC942}") = "pff_test_mapi_value", "pff_test_mapi_value\pff_test_mapi_value.vcproj", "{3F7E08D9-3658-4BD5-AC9E-4F76083392E4}"
	ProjectSection(ProjectDependencies) = postProject
		{AF5BD1AB-6303-4227-8257-5E9CCBCA72D6} = {AF5BD1AB-6303-4227-8257-5E9CCBCA72D6}
		{BD3A95FA-A3DE-4B79-A889-A7E5ECA4B69C} = {BD3A95FA-A3DE-4B79-A889-A7E5ECA4B69C}
	EndProjectSection
EndProject
Project("{8BC9CEB8-8B4A-11D0-8D11-00A0C91BC942}") = "pff_test_message", "pff_test_message\pff_test_message.vcproj", "{421A4AAD-4B4B-44F7-9D7E-744176572A2F}"
	ProjectSection(ProjectDependencies) = postProject
		{AF5BD1AB-6303-4227-8257-5E9CCBCA72D6} = {AF5BD1AB-6303-4227-8257-5E9CCBCA72D6}
		{BD3A95FA-A3DE-4B79-A889-A7E5ECA4B69C} = {BD3A95FA-A3DE-4B79-A889-A7E5ECA4B69C}
	EndProjectSection
EndProject
Project("{8BC9CEB8-8B4A-11D0-8D11-00A0C91BC942}") = "pff_test_multi_value", "pff_test_multi_value\pff_test_multi_value.vcproj", "{42DF16BD-BEAE-4E69-999B-64E84696F300}"
	ProjectSection(ProjectDependencies) = postProject
		{AF5BD1AB-6303-4227-8257-5E9CCBCA72D6} = {AF5BD1AB-6303-4227-8257-5E9CCBCA72D6}
		{BD3A95FA-A3DE-4B79-A889-A7E5ECA4B69C} = {BD3A95FA-A3DE-4B79-A889-A7E5ECA4B69C}
	EndProjectSection
EndProject
Project("{8BC9CEB8-8B4A-11D0-8D11-00A0C91BC942}") = "pff_test_name_to_id_map_entry", "pff_test_name_to_id_map_entry\pff_test_name_to_id_map_entry.vcproj", "{B46FA8F9-554F-4104-982B-505EF17E3294}"
	ProjectSection(ProjectDependencies) = postProject
		{AF5BD1AB-6303-4227-8257-5E9CCBCA72D6} = {AF5BD1AB-6303-4227-8257-5E9CCBCA72D6}
	EndProjectSection
EndProject
Project("{8BC9CEB8-8B4A-11D0-8D11-00A0C91BC942}") = "pff_test_notify", "pff_test_notify\pff_test_notify.vcproj", "{F3EC3BB9-A47A-4F4B-AB5A-5FF31DB036B7}"
	ProjectSection(ProjectDependencies) = postProject
		{AF5BD1AB-6303-4227-8257-5E9CCBCA72D6} = {AF5BD1AB-6303-4227-8257-5E9CCBCA72D6}
		{BD3A95FA-A3DE-4B79-A889-A7E5ECA4B69C} = {BD3A95FA-A3DE-4B79-A889-A7E5ECA4B69C}
	EndProjectSection
EndProject
Project("{8BC9CEB8-8B4A-11D0-8D11-00A0C91BC942}") = "pff_test_offsets_index", "pff_test_offsets_index\pff_test_offsets_index.vcproj", "{AC60D736-3920-4141-BC57-BEA75840DED6}"
	ProjectSection(ProjectDependencies) = postProject
		{AF5BD1AB-6303-4227-8257-5E9CCBCA72D6} = {AF5BD1AB-6303-4227-8257-5E9CCBCA72D6}
		{BD3A95FA-A3DE-4B79-A889-A7E5ECA4B69C} = {BD3A95FA-A3DE-4B79-A889-A7E5ECA4B69C}
	EndProjectSection
EndProject
Project("{8BC9CEB8-8B4A-11D0-8D11-00A0C91BC942}") = "pff_test_read_items", "pff_test_read_items\pff_test_read_items.vcproj", "{A45A78C4-A4F7-4522-A48C-3C43EEC680E2}"
	ProjectSection(ProjectDependencies) = postProject
		{AF5BD1AB-6303-4227-8257-5E9CCBCA72D6} = {AF5BD1AB-6303-4227-8257-5E9CCBCA72D6}
		{CEDF8919-00B2-4D8A-88CC-84ADB2D2FF89} = {CEDF8919-00B2-4D8A-88CC-84ADB2D2FF89}
		{BD3A95FA-A3DE-4B79-A889-A7E5ECA4B69C} = {BD3A95FA-A3DE-4B79-A889-A7E5ECA4B69C}
	EndProjectSection
EndProject
Project("{8BC9CEB8-8B4A-11D0-8D11-00A0C91BC942}") = "pff_test_record_entry", "pff_test_record_entry\pff_test_record_entry.vcproj", "{A2F3ABC3-02FF-4054-8485-A649505D64BE}"
	ProjectSection(ProjectDependencies) = postProject
		{AF5BD1AB-6303-4227-8257-5E9CCBCA72D6} = {AF5BD1AB-6303-4227-8257-5E9CCBCA72D6}
		{BD3A95FA-A3DE-4B79-A889-A7E5ECA4B69C} = {BD3A95FA-A3DE-4B79-A889-A7E5ECA4B69C}
	EndProjectSection
EndProject
Project("{8BC9CEB8-8B4A-11D0-8D11-00A0C91BC942}") = "pff_test_record_set", "pff_test_record_set\pff_test_record_set.vcproj", "{81AEA530-B066-4484-B1C1-933A26E7C643}"
	ProjectSection(ProjectDependencies) = postProject
		{AF5BD1AB-6303-4227-8257-5E9CCBCA72D6} = {AF5BD1AB-6303-4227-8257-5E9CCBCA72D6}
		{BD3A95FA-A3DE-4B79-A889-A7E5ECA4B69C} = {BD3A95FA-A3DE-4B79-A889-A7E5ECA4B69C}
	EndProjectSection
EndProject
Project("{8BC9CEB8-8B4A-11D0-8D11-00A0C91BC942}") = "pff_test_reference_descriptor", "pff_test_reference_descriptor\pff_test_reference_descriptor.vcproj", "{4BB387E2-0D3A-41D9-AFC9-30859AC920F3}"
	ProjectSection(ProjectDependencies) = postProject
		{AF5BD1AB-6303-4227-8257-5E9CCBCA72D6} = {AF5BD1AB-6303-4227-8257-5E9CCBCA72D6}
		{BD3A95FA-A3DE-4B79-A889-A7E5ECA4B69C} = {BD3A95FA-A3DE-4B79-A889-A7E5ECA4B69C}
	EndProjectSection
EndProject
Project("{8BC9CEB8-8B4A-11D0-8D11-00A0C91BC942}") = "pff_test_support", "pff_test_support\pff_test_support.vcproj", "{DDBD6195-A0FF-4DD8-95A9-92F66082CE74}"
	ProjectSection(ProjectDependencies) = postProject
		{41CFAFBF-A1C8-4704-AFEF-31979E6452B9} = {41CFAFBF-A1C8-4704-AFEF-31979E6452B9}
		{3FFB9C05-1145-45A7-9ADE-5C8D70FBD7CA} = {3FFB9C05-1145-45A7-9ADE-5C8D70FBD7CA}
		{4C93BDD3-1804-47F3-9B34-F2DE0CAE1AE0} = {4C93BDD3-1804-47F3-9B34-F2DE0CAE1AE0}
		{BC27FF34-C859-4A1A-95D6-FC89952E1910} = {BC27FF34-C859-4A1A-95D6-FC89952E1910}
		{B86FB73A-4ACC-42DE-9545-586D93955B06} = {B86FB73A-4ACC-42DE-9545-586D93955B06}
		{5304AD69-D449-4589-B2C9-E4607E56A51D} = {5304AD69-D449-4589-B2C9-E4607E56A51D}
		{CEDF8919-00B2-4D8A-88CC-84ADB2D2FF89} = {CEDF8919-00B2-4D8A-88CC-84ADB2D2FF89}
		{B9332DC8-7594-47DF-80C1-38922E0F4DFB} = {B9332DC8-7594-47DF-80C1-38922E0F4DFB}
		{AF5BD1AB-6303-4227-8257-5E9CCBCA72D6} = {AF5BD1AB-6303-4227-8257-5E9CCBCA72D6}
		{BD3A95FA-A3DE-4B79-A889-A7E5ECA4B69C} = {BD3A95FA-A3DE-4B79-A889-A7E5ECA4B69C}
	EndProjectSection
EndProject
Project("{8BC9CEB8-8B4A-11D0-8D11-00A0C91BC942}") = "pff_test_table", "pff_test_table\pff_test_table.vcproj", "{6FC45EEE-3BD0-408C-87EE-FCB6DE408D9B}"
	ProjectSection(ProjectDependencies) = postProject
		{AF5BD1AB-6303-4227-8257-5E9CCBCA72D6} = {AF5BD1AB-6303-4227-8257-5E9CCBCA72D6}
		{BD3A95FA-A3DE-4B79-A889-A7E5ECA4B69C} = {BD3A95FA-A3DE-4B79-A889-A7E5ECA4B69C}
	EndProjectSection
EndProject
Project("{8BC9CEB8-8B4A-11D0-8D11-00A0C91BC942}") = "pff_test_table_block_index", "pff_test_table_block_index\pff_test_table_block_index.vcproj", "{5EA9A9F8-9713-4562-8D24-BE805B24C8F0}"
	ProjectSection(ProjectDependencies) = postProject
		{AF5BD1AB-6303-4227-8257-5E9CCBCA72D6} = {AF5BD1AB-6303-4227-8257-5E9CCBCA72D6}
		{BD3A95FA-A3DE-4B79-A889-A7E5ECA4B69C} = {BD3A95FA-A3DE-4B79-A889-A7E5ECA4B69C}
	EndProjectSection
EndProject
Project("{8BC9CEB8-8B4A-11D0-8D11-00A0C91BC942}") = "pff_test_table_header", "pff_test_table_header\pff_test_table_header.vcproj", "{1304753E-8962-4D71-9960-60A3E3DE34F0}"
	ProjectSection(ProjectDependencies) = postProject
		{AF5BD1AB-6303-4227-8257-5E9CCBCA72D6} = {AF5BD1AB-6303-4227-8257-5E9CCBCA72D6}
		{BD3A95FA-A3DE-4B79-A889-A7E5ECA4B69C} = {BD3A95FA-A3DE-4B79-A889-A7E5ECA4B69C}
	EndProjectSection
EndProject
Project("{8BC9CEB8-8B4A-11D0-8D11-00A0C91BC942}") = "pff_test_table_index_value", "pff_test_table_index_value\pff_test_table_index_value.vcproj", "{7B39D03E-57C1-44C3-B904-4C5E59826DF6}"
	ProjectSection(ProjectDependencies) = postProject
		{AF5BD1AB-6303-4227-8257-5E9CCBCA72D6} = {AF5BD1AB-6303-4227-8257-5E9CCBCA72D6}
		{BD3A95FA-A3DE-4B79-A889-A7E5ECA4B69C} = {BD3A95FA-A3DE-4B79-A889-A7E5ECA4B69C}
	EndProjectSection
EndProject
Project("{8BC9CEB8-8B4A-11D0-8D11-00A0C91BC942}") = "pff_test_tools_info_handle", "pff_test_tools_info_handle\pff_test_tools_info_handle.vcproj", "{841F470E-C83A-42CD-A9F4-E89DA54DBB69}"
	ProjectSection(ProjectDependencies) = postProject
		{25C60507-39C6-4564-912D-DA2E7482A00F} = {25C60507-39C6-4564-912D-DA2E7482A00F}
		{CEDF8919-00B2-4D8A-88CC-84ADB2D2FF89} = {CEDF8919-00B2-4D8A-88CC-84ADB2D2FF89}
		{AF5BD1AB-6303-4227-8257-5E9CCBCA72D6} = {AF5BD1AB-6303-4227-8257-5E9CCBCA72D6}
		{BD3A95FA-A3DE-4B79-A889-A7E5ECA4B69C} = {BD3A95FA-A3DE-4B79-A889-A7E5ECA4B69C}
	EndProjectSection
EndProject
Project("{8BC9CEB8-8B4A-11D0-8D11-00A0C91BC942}") = "pff_test_tools_output", "pff_test_tools_output\pff_test_tools_output.vcproj", "{A1CEA497-3AAD-4ECF-BFA4-ECEA6A30E57C}"
	ProjectSection(ProjectDependencies) = postProject
		{AF5BD1AB-6303-4227-8257-5E9CCBCA72D6} = {AF5BD1AB-6303-4227-8257-5E9CCBCA72D6}
		{BD3A95FA-A3DE-4B79-A889-A7E5ECA4B69C} = {BD3A95FA-A3DE-4B79-A889-A7E5ECA4B69C}
	EndProjectSection
EndProject
Project("{8BC9CEB8-8B4A-11D0-8D11-00A0C91BC942}") = "pff_test_tools_signal", "pff_test_tools_signal\pff_test_tools_signal.vcproj", "{30D7F0F5-AB0A-4A30-B6B0-6980046D1E79}"
	ProjectSection(ProjectDependencies) = postProject
		{AF5BD1AB-6303-4227-8257-5E9CCBCA72D6} = {AF5BD1AB-6303-4227-8257-5E9CCBCA72D6}
		{BD3A95FA-A3DE-4B79-A889-A7E5ECA4B69C} = {BD3A95FA-A3DE-4B79-A889-A7E5ECA4B69C}
	EndProjectSection
EndProject
Project("{8BC9CEB8-8B4A-11D0-8D11-00A0C91BC942}") = "pff_test_value_type", "pff_test_value_type\pff_test_value_type.vcproj", "{F3E7EFE8-0026-49C0-9C0F-E2F08DB2B485}"
	ProjectSection(ProjectDependencies) = postProject
		{AF5BD1AB-6303-4227-8257-5E9CCBCA72D6} = {AF5BD1AB-6303-4227-8257-5E9CCBCA72D6}
		{BD3A95FA-A3DE-4B79-A889-A7E5ECA4B69C} = {BD3A95FA-A3DE-4B79-A889-A7E5ECA4B69C}
	EndProjectSection
EndProject
Project("{8BC9CEB8-8B4A-11D0-8D11-00A0C91BC942}") = "libclocale", "libclocale\libclocale.vcproj", "{CEDF8919-00B2-4D8A-88CC-84ADB2D2FF89}"
	ProjectSection(ProjectDependencies) = postProject
		{BD3A95FA-A3DE-4B79-A889-A7E5ECA4B69C} = {BD3A95FA-A3DE-4B79-A889-A7E5ECA4B69C}
	EndProjectSection
EndProject
Project("{8BC9CEB8-8B4A-11D0-8D11-00A0C91BC942}") = "libbfio", "libbfio\libbfio.vcproj", "{41CFAFBF-A1C8-4704-AFEF-31979E6452B9}"
	ProjectSection(ProjectDependencies) = postProject
		{BD3A95FA-A3DE-4B79-A889-A7E5ECA4B69C} = {BD3A95FA-A3DE-4B79-A889-A7E5ECA4B69C}
		{8AFAA2C6-E025-4B45-B96F-A27D04C6115A} = {8AFAA2C6-E025-4B45-B96F-A27D04C6115A}
		{CEDF8919-00B2-4D8A-88CC-84ADB2D2FF89} = {CEDF8919-00B2-4D8A-88CC-84ADB2D2FF89}
		{5304AD69-D449-4589-B2C9-E4607E56A51D} = {5304AD69-D449-4589-B2C9-E4607E56A51D}
		{B9332DC8-7594-47DF-80C1-38922E0F4DFB} = {B9332DC8-7594-47DF-80C1-38922E0F4DFB}
		{B86FB73A-4ACC-42DE-9545-586D93955B06} = {B86FB73A-4ACC-42DE-9545-586D93955B06}
		{4C93BDD3-1804-47F3-9B34-F2DE0CAE1AE0} = {4C93BDD3-1804-47F3-9B34-F2DE0CAE1AE0}
		{3FFB9C05-1145-45A7-9ADE-5C8D70FBD7CA} = {3FFB9C05-1145-45A7-9ADE-5C8D70FBD7CA}
		{BC27FF34-C859-4A1A-95D6-FC89952E1910} = {BC27FF34-C859-4A1A-95D6-FC89952E1910}
	EndProjectSection
EndProject
Project("{8BC9CEB8-8B4A-11D0-8D11-00A0C91BC942}") = "pypff", "pypff\pypff.vcproj", "{E221DB4C-B254-47CB-993D-DC7FED580DA1}"
	ProjectSection(ProjectDependencies) = postProject
		{BD3A95FA-A3DE-4B79-A889-A7E5ECA4B69C} = {BD3A95FA-A3DE-4B79-A889-A7E5ECA4B69C}
		{AF5BD1AB-6303-4227-8257-5E9CCBCA72D6} = {AF5BD1AB-6303-4227-8257-5E9CCBCA72D6}
		{B9332DC8-7594-47DF-80C1-38922E0F4DFB} = {B9332DC8-7594-47DF-80C1-38922E0F4DFB}
		{CEDF8919-00B2-4D8A-88CC-84ADB2D2FF89} = {CEDF8919-00B2-4D8A-88CC-84ADB2D2FF89}
		{B86FB73A-4ACC-42DE-9545-586D93955B06} = {B86FB73A-4ACC-42DE-9545-586D93955B06}
		{4C93BDD3-1804-47F3-9B34-F2DE0CAE1AE0} = {4C93BDD3-1804-47F3-9B34-F2DE0CAE1AE0}
		{3FFB9C05-1145-45A7-9ADE-5C8D70FBD7CA} = {3FFB9C05-1145-45A7-9ADE-5C8D70FBD7CA}
		{41CFAFBF-A1C8-4704-AFEF-31979E6452B9} = {41CFAFBF-A1C8-4704-AFEF-31979E6452B9}
	EndProjectSection
EndProject
Project("{8BC9CEB8-8B4A-11D0-8D11-00A0C91BC942}") = "libfdatetime", "libfdatetime\libfdatetime.vcproj", "{25C60507-39C6-4564-912D-DA2E7482A00F}"
	ProjectSection(ProjectDependencies) = postProject
		{BD3A95FA-A3DE-4B79-A889-A7E5ECA4B69C} = {BD3A95FA-A3DE-4B79-A889-A7E5ECA4B69C}
	EndProjectSection
EndProject
Project("{8BC9CEB8-8B4A-11D0-8D11-00A0C91BC942}") = "libcfile", "libcfile\libcfile.vcproj", "{4C93BDD3-1804-47F3-9B34-F2DE0CAE1AE0}"
	ProjectSection(ProjectDependencies) = postProject
		{BD3A95FA-A3DE-4B79-A889-A7E5ECA4B69C} = {BD3A95FA-A3DE-4B79-A889-A7E5ECA4B69C}
		{CEDF8919-00B2-4D8A-88CC-84ADB2D2FF89} = {CEDF8919-00B2-4D8A-88CC-84ADB2D2FF89}
		{5304AD69-D449-4589-B2C9-E4607E56A51D} = {5304AD69-D449-4589-B2C9-E4607E56A51D}
		{BC27FF34-C859-4A1A-95D6-FC89952E1910} = {BC27FF34-C859-4A1A-95D6-FC89952E1910}
	EndProjectSection
EndProject
Project("{8BC9CEB8-8B4A-11D0-8D11-00A0C91BC942}") = "libfwnt", "libfwnt\libfwnt.vcproj", "{9D37639F-1694-47DF-84BF-336D98E0639F}"
	ProjectSection(ProjectDependencies) = postProject
		{BD3A95FA-A3DE-4B79-A889-A7E5ECA4B69C} = {BD3A95FA-A3DE-4B79-A889-A7E5ECA4B69C}
		{8AFAA2C6-E025-4B45-B96F-A27D04C6115A} = {8AFAA2C6-E025-4B45-B96F-A27D04C6115A}
		{B9332DC8-7594-47DF-80C1-38922E0F4DFB} = {B9332DC8-7594-47DF-80C1-38922E0F4DFB}
		{5304AD69-D449-4589-B2C9-E4607E56A51D} = {5304AD69-D449-4589-B2C9-E4607E56A51D}
	EndProjectSection
EndProject
Project("{8BC9CEB8-8B4A-11D0-8D11-00A0C91BC942}") = "libcthreads", "libcthreads\libcthreads.vcproj", "{8AFAA2C6-E025-4B45-B96F-A27D04C6115A}"
	ProjectSection(ProjectDependencies) = postProject
		{BD3A95FA-A3DE-4B79-A889-A7E5ECA4B69C} = {BD3A95FA-A3DE-4B79-A889-A7E5ECA4B69C}
	EndProjectSection
EndProject
Project("{8BC9CEB8-8B4A-11D0-8D11-00A0C91BC942}") = "libcpath", "libcpath\libcpath.vcproj", "{3FFB9C05-1145-45A7-9ADE-5C8D70FBD7CA}"
	ProjectSection(ProjectDependencies) = postProject
		{BD3A95FA-A3DE-4B79-A889-A7E5ECA4B69C} = {BD3A95FA-A3DE-4B79-A889-A7E5ECA4B69C}
		{CEDF8919-00B2-4D8A-88CC-84ADB2D2FF89} = {CEDF8919-00B2-4D8A-88CC-84ADB2D2FF89}
		{B86FB73A-4ACC-42DE-9545-586D93955B06} = {B86FB73A-4ACC-42DE-9545-586D93955B06}
		{BC27FF34-C859-4A1A-95D6-FC89952E1910} = {BC27FF34-C859-4A1A-95D6-FC89952E1910}
	EndProjectSection
EndProject
Project("{8BC9CEB8-8B4A-11D0-8D11-00A0C91BC942}") = "libfmapi", "libfmapi\libfmapi.vcproj", "{CDB03E65-C81B-47E0-B70F-C880D841DD61}"
	ProjectSection(ProjectDependencies) = postProject
		{BD3A95FA-A3DE-4B79-A889-A7E5ECA4B69C} = {BD3A95FA-A3DE-4B79-A889-A7E5ECA4B69C}
		{B9332DC8-7594-47DF-80C1-38922E0F4DFB} = {B9332DC8-7594-47DF-80C1-38922E0F4DFB}
		{8AFAA2C6-E025-4B45-B96F-A27D04C6115A} = {8AFAA2C6-E025-4B45-B96F-A27D04C6115A}
		{5304AD69-D449-4589-B2C9-E4607E56A51D} = {5304AD69-D449-4589-B2C9-E4607E56A51D}
		{BC27FF34-C859-4A1A-95D6-FC89952E1910} = {BC27FF34-C859-4A1A-95D6-FC89952E1910}
		{25C60507-39C6-4564-912D-DA2E7482A00F} = {25C60507-39C6-4564-912D-DA2E7482A00F}
		{8C13E498-6369-4792-A0CF-B7134C54561B} = {8C13E498-6369-4792-A0CF-B7134C54561B}
		{9D37639F-1694-47DF-84BF-336D98E0639F} = {9D37639F-1694-47DF-84BF-336D98E0639F}
	EndProjectSection
EndProject
Project("{8BC9CEB8-8B4A-11D0-8D11-00A0C91BC942}") = "libuna", "libuna\libuna.vcproj", "{BC27FF34-C859-4A1A-95D6-FC89952E1910}"
	ProjectSection(ProjectDependencies) = postProject
		{BD3A95FA-A3DE-4B79-A889-A7E5ECA4B69C} = {BD3A95FA-A3DE-4B79-A889-A7E5ECA4B69C}
	EndProjectSection
EndProject
Project("{8BC9CEB8-8B4A-11D0-8D11-00A0C91BC942}") = "libpff", "libpff\libpff.vcproj", "{AF5BD1AB-6303-4227-8257-5E9CCBCA72D6}"
	ProjectSection(ProjectDependencies) = postProject
		{BD3A95FA-A3DE-4B79-A889-A7E5ECA4B69C} = {BD3A95FA-A3DE-4B79-A889-A7E5ECA4B69C}
		{8AFAA2C6-E025-4B45-B96F-A27D04C6115A} = {8AFAA2C6-E025-4B45-B96F-A27D04C6115A}
		{B9332DC8-7594-47DF-80C1-38922E0F4DFB} = {B9332DC8-7594-47DF-80C1-38922E0F4DFB}
		{CEDF8919-00B2-4D8A-88CC-84ADB2D2FF89} = {CEDF8919-00B2-4D8A-88CC-84ADB2D2FF89}
		{5304AD69-D449-4589-B2C9-E4607E56A51D} = {5304AD69-D449-4589-B2C9-E4607E56A51D}
		{B86FB73A-4ACC-42DE-9545-586D93955B06} = {B86FB73A-4ACC-42DE-9545-586D93955B06}
		{BC27FF34-C859-4A1A-95D6-FC89952E1910} = {BC27FF34-C859-4A1A-95D6-FC89952E1910}
		{4C93BDD3-1804-47F3-9B34-F2DE0CAE1AE0} = {4C93BDD3-1804-47F3-9B34-F2DE0CAE1AE0}
		{3FFB9C05-1145-45A7-9ADE-5C8D70FBD7CA} = {3FFB9C05-1145-45A7-9ADE-5C8D70FBD7CA}
		{41CFAFBF-A1C8-4704-AFEF-31979E6452B9} = {41CFAFBF-A1C8-4704-AFEF-31979E6452B9}
		{3D19EAAD-9195-468B-BC5B-D147A89CA4F5} = {3D19EAAD-9195-468B-BC5B-D147A89CA4F5}
		{F94DCC2D-2B49-453E-89B3-FD81992677D0} = {F94DCC2D-2B49-453E-89B3-FD81992677D0}
		{25C60507-39C6-4564-912D-DA2E7482A00F} = {25C60507-39C6-4564-912D-DA2E7482A00F}
		{8C13E498-6369-4792-A0CF-B7134C54561B} = {8C13E498-6369-4792-A0CF-B7134C54561B}
		{9D37639F-1694-47DF-84BF-336D98E0639F} = {9D37639F-1694-47DF-84BF-336D98E0639F}
		{CDB03E65-C81B-47E0-B70F-C880D841DD61} = {CDB03E65-C81B-47E0-B70F-C880D841DD61}
		{C04A46DC-E851-4392-8B94-5604353E504D} = {C04A46DC-E851-4392-8B94-5604353E504D}
	EndProjectSection
EndProject
Project("{8BC9CEB8-8B4A-11D0-8D11-00A0C91BC942}") = "libfvalue", "libfvalue\libfvalue.vcproj", "{85005D62-6AA7-4D8A-86CB-4061B23D7C6C}"
	ProjectSection(ProjectDependencies) = postProject
		{BD3A95FA-A3DE-4B79-A889-A7E5ECA4B69C} = {BD3A95FA-A3DE-4B79-A889-A7E5ECA4B69C}
		{8AFAA2C6-E025-4B45-B96F-A27D04C6115A} = {8AFAA2C6-E025-4B45-B96F-A27D04C6115A}
		{B9332DC8-7594-47DF-80C1-38922E0F4DFB} = {B9332DC8-7594-47DF-80C1-38922E0F4DFB}
		{5304AD69-D449-4589-B2C9-E4607E56A51D} = {5304AD69-D449-4589-B2C9-E4607E56A51D}
		{BC27FF34-C859-4A1A-95D6-FC89952E1910} = {BC27FF34-C859-4A1A-95D6-FC89952E1910}
		{25C60507-39C6-4564-912D-DA2E7482A00F} = {25C60507-39C6-4564-912D-DA2E7482A00F}
		{8C13E498-6369-4792-A0CF-B7134C54561B} = {8C13E498-6369-4792-A0CF-B7134C54561B}
		{9D37639F-1694-47DF-84BF-336D98E0639F} = {9D37639F-1694-47DF-84BF-336D98E0639F}
	EndProjectSection
EndProject
Project("{8BC9CEB8-8B4A-11D0-8D11-00A0C91BC942}") = "libcerror", "libcerror\libcerror.vcproj", "{BD3A95FA-A3DE-4B79-A889-A7E5ECA4B69C}"
EndProject
Project("{8BC9CEB8-8B4A-11D0-8D11-00A0C91BC942}") = "libcnotify", "libcnotify\libcnotify.vcproj", "{5304AD69-D449-4589-B2C9-E4607E56A51D}"
	ProjectSection(ProjectDependencies) = postProject
		{BD3A95FA-A3DE-4B79-A889-A7E5ECA4B69C} = {BD3A95FA-A3DE-4B79-A889-A7E5ECA4B69C}
	EndProjectSection
EndProject
Project("{8BC9CEB8-8B4A-11D0-8D11-00A0C91BC942}") = "pffexport", "pffexport\pffexport.vcproj", "{6B758D1D-FE05-49C6-836B-9B8AC8DC4FCD}"
	ProjectSection(ProjectDependencies) = postProject
		{CDB03E65-C81B-47E0-B70F-C880D841DD61} = {CDB03E65-C81B-47E0-B70F-C880D841DD61}
		{85005D62-6AA7-4D8A-86CB-4061B23D7C6C} = {85005D62-6AA7-4D8A-86CB-4061B23D7C6C}
		{9D37639F-1694-47DF-84BF-336D98E0639F} = {9D37639F-1694-47DF-84BF-336D98E0639F}
		{8C13E498-6369-4792-A0CF-B7134C54561B} = {8C13E498-6369-4792-A0CF-B7134C54561B}
		{25C60507-39C6-4564-912D-DA2E7482A00F} = {25C60507-39C6-4564-912D-DA2E7482A00F}
		{3FFB9C05-1145-45A7-9ADE-5C8D70FBD7CA} = {3FFB9C05-1145-45A7-9ADE-5C8D70FBD7CA}
		{4C93BDD3-1804-47F3-9B34-F2DE0CAE1AE0} = {4C93BDD3-1804-47F3-9B34-F2DE0CAE1AE0}
		{BC27FF34-C859-4A1A-95D6-FC89952E1910} = {BC27FF34-C859-4A1A-95D6-FC89952E1910}
		{B86FB73A-4ACC-42DE-9545-586D93955B06} = {B86FB73A-4ACC-42DE-9545-586D93955B06}
		{B9332DC8-7594-47DF-80C1-38922E0F4DFB} = {B9332DC8-7594-47DF-80C1-38922E0F4DFB}
		{AF5BD1AB-6303-4227-8257-5E9CCBCA72D6} = {AF5BD1AB-6303-4227-8257-5E9CCBCA72D6}
		{5304AD69-D449-4589-B2C9-E4607E56A51D} = {5304AD69-D449-4589-B2C9-E4607E56A51D}
		{CEDF8919-00B2-4D8A-88CC-84ADB2D2FF89} = {CEDF8919-00B2-4D8A-88CC-84ADB2D2FF89}
		{BD3A95FA-A3DE-4B79-A889-A7E5ECA4B69C} = {BD3A95FA-A3DE-4B79-A889-A7E5ECA4B69C}
	EndProjectSection
EndProject
Project("{8BC9CEB8-8B4A-11D0-8D11-00A0C91BC942}") = "pffinfo", "pffinfo\pffinfo.vcproj", "{A7545354-5D50-49F6-A3D0-1F97F6228955}"
	ProjectSection(ProjectDependencies) = postProject
		{3FFB9C05-1145-45A7-9ADE-5C8D70FBD7CA} = {3FFB9C05-1145-45A7-9ADE-5C8D70FBD7CA}
		{4C93BDD3-1804-47F3-9B34-F2DE0CAE1AE0} = {4C93BDD3-1804-47F3-9B34-F2DE0CAE1AE0}
		{BC27FF34-C859-4A1A-95D6-FC89952E1910} = {BC27FF34-C859-4A1A-95D6-FC89952E1910}
		{B86FB73A-4ACC-42DE-9545-586D93955B06} = {B86FB73A-4ACC-42DE-9545-586D93955B06}
		{AF5BD1AB-6303-4227-8257-5E9CCBCA72D6} = {AF5BD1AB-6303-4227-8257-5E9CCBCA72D6}
		{5304AD69-D449-4589-B2C9-E4607E56A51D} = {5304AD69-D449-4589-B2C9-E4607E56A51D}
		{CEDF8919-00B2-4D8A-88CC-84ADB2D2FF89} = {CEDF8919-00B2-4D8A-88CC-84ADB2D2FF89}
		{BD3A95FA-A3DE-4B79-A889-A7E5ECA4B69C} = {BD3A95FA-A3DE-4B79-A889-A7E5ECA4B69C}
	EndProjectSection
EndProject
Project("{8BC9CEB8-8B4A-11D0-8D11-00A0C91BC942}") = "libfdata", "libfdata\libfdata.vcproj", "{F94DCC2D-2B49-453E-89B3-FD81992677D0}"
	ProjectSection(ProjectDependencies) = postProject
		{BD3A95FA-A3DE-4B79-A889-A7E5ECA4B69C} = {BD3A95FA-A3DE-4B79-A889-A7E5ECA4B69C}
		{8AFAA2C6-E025-4B45-B96F-A27D04C6115A} = {8AFAA2C6-E025-4B45-B96F-A27D04C6115A}
		{B9332DC8-7594-47DF-80C1-38922E0F4DFB} = {B9332DC8-7594-47DF-80C1-38922E0F4DFB}
		{5304AD69-D449-4589-B2C9-E4607E56A51D} = {5304AD69-D449-4589-B2C9-E4607E56A51D}
		{3D19EAAD-9195-468B-BC5B-D147A89CA4F5} = {3D19EAAD-9195-468B-BC5B-D147A89CA4F5}
	EndProjectSection
EndProject
Project("{8BC9CEB8-8B4A-11D0-8D11-00A0C91BC942}") = "libcdata", "libcdata\libcdata.vcproj", "{B9332DC8-7594-47DF-80C1-38922E0F4DFB}"
	ProjectSection(ProjectDependencies) = postProject
		{BD3A95FA-A3DE-4B79-A889-A7E5ECA4B69C} = {BD3A95FA-A3DE-4B79-A889-A7E5ECA4B69C}
		{8AFAA2C6-E025-4B45-B96F-A27D04C6115A} = {8AFAA2C6-E025-4B45-B96F-A27D04C6115A}
	EndProjectSection
EndProject
Project("{8BC9CEB8-8B4A-11D0-8D11-00A0C91BC942}") = "libcsplit", "libcsplit\libcsplit.vcproj", "{B86FB73A-4ACC-42DE-9545-586D93955B06}"
	ProjectSection(ProjectDependencies) = postProject
		{BD3A95FA-A3DE-4B79-A889-A7E5ECA4B69C} = {BD3A95FA-A3DE-4B79-A889-A7E5ECA4B69C}
	EndProjectSection
EndProject
Project("{8BC9CEB8-8B4A-11D0-8D11-00A0C91BC942}") = "zlib", "zlib\zlib.vcproj", "{C04A46DC-E851-4392-8B94-5604353E504D}"
EndProject
Global
	GlobalSection(SolutionConfigurationPlatforms) = preSolution
		Release|Win32 = Release|Win32
		VSDebug|Win32 = VSDebug|Win32
	EndGlobalSection
	GlobalSection(ProjectConfigurationPlatforms) = postSolution
		{3D19EAAD-9195-468B-BC5B-D147A89CA4F5}.Release|Win32.ActiveCfg = Release|Win32
		{3D19EAAD-9195-468B-BC5B-D147A89CA4F5}.Release|Win32.Build.0 = Release|Win32
		{3D19EAAD-9195-468B-BC5B-D147A89CA4F5}.VSDebug|Win32.ActiveCfg = VSDebug|Win32
		{3D19EAAD-9195-468B-BC5B-D147A89CA4F5}.VSDebug|Win32.Build.0 = VSDebug|Win32
		{8C13E498-6369-4792-A0CF-B7134C54561B}.Release|Win32.ActiveCfg = Release|Win32
		{8C13E498-6369-4792-A0CF-B7134C54561B}.Release|Win32.Build.0 = Release|Win32
		{8C13E498-6369-4792-A0CF-B7134C54561B}.VSDebug|Win32.ActiveCfg = VSDebug|Win32
		{8C13E498-6369-4792-A0CF-B7134C54561B}.VSDebug|Win32.Build.0 = VSDebug|Win32
		{AB7D208B-6B81-4F73-961E-CA344D126EA9}.Release|Win32.ActiveCfg = Release|Win32
		{AB7D208B-6B81-4F73-961E-CA344D126EA9}.Release|Win32.Build.0 = Release|Win32
		{AB7D208B-6B81-4F73-961E-CA344D126EA9}.VSDebug|Win32.ActiveCfg = VSDebug|Win32
		{AB7D208B-6B81-4F73-961E-CA344D126EA9}.VSDebug|Win32.Build.0 = VSDebug|Win32
		{ED0A60C8-609A-445A-9BD8-D9F702EFE1BA}.Release|Win32.ActiveCfg = Release|Win32
		{ED0A60C8-609A-445A-9BD8-D9F702EFE1BA}.Release|Win32.Build.0 = Release|Win32
		{ED0A60C8-609A-445A-9BD8-D9F702EFE1BA}.VSDebug|Win32.ActiveCfg = VSDebug|Win32
		{ED0A60C8-609A-445A-9BD8-D9F702EFE1BA}.VSDebug|Win32.Build.0 = VSDebug|Win32
		{93409BDC-5D88-48B4-A96B-88E5E5D4DEEC}.Release|Win32.ActiveCfg = Release|Win32
		{93409BDC-5D88-48B4-A96B-88E5E5D4DEEC}.Release|Win32.Build.0 = Release|Win32
		{93409BDC-5D88-48B4-A96B-88E5E5D4DEEC}.VSDebug|Win32.ActiveCfg = VSDebug|Win32
		{93409BDC-5D88-48B4-A96B-88E5E5D4DEEC}.VSDebug|Win32.Build.0 = VSDebug|Win32
		{6855865B-DA24-4CD9-8E65-5D5358F2CB79}.Release|Win32.ActiveCfg = Release|Win32
		{6855865B-DA24-4CD9-8E65-5D5358F2CB79}.Release|Win32.Build.0 = Release|Win32
		{6855865B-DA24-4CD9-8E65-5D5358F2CB79}.VSDebug|Win32.ActiveCfg = VSDebug|Win32
		{6855865B-DA24-4CD9-8E65-5D5358F2CB79}.VSDebug|Win32.Build.0 = VSDebug|Win32
		{9602C176-1B6A-492B-8A1C-CB9C6E443EEF}.Release|Win32.ActiveCfg = Release|Win32
		{9602C176-1B6A-492B-8A1C-CB9C6E443EEF}.Release|Win32.Build.0 = Release|Win32
		{9602C176-1B6A-492B-8A1C-CB9C6E443EEF}.VSDebug|Win32.ActiveCfg = VSDebug|Win32
		{9602C176-1B6A-492B-8A1C-CB9C6E443EEF}.VSDebug|Win32.Build.0 = VSDebug|Win32
		{0E9564F8-2852-4E92-8FD6-548AA6603DDF}.Release|Win32.ActiveCfg = Release|Win32
		{0E9564F8-2852-4E92-8FD6-548AA6603DDF}.Release|Win32.Build.0 = Release|Win32
		{0E9564F8-2852-4E92-8FD6-548AA6603DDF}.VSDebug|Win32.ActiveCfg = VSDebug|Win32
		{0E9564F8-2852-4E92-8FD6-548AA6603DDF}.VSDebug|Win32.Build.0 = VSDebug|Win32
		{9BB2AB86-D327-46B6-B6DE-BEFE28FCD774}.Release|Win32.ActiveCfg = Release|Win32
		{9BB2AB86-D327-46B6-B6DE-BEFE28FCD774}.Release|Win32.Build.0 = Release|Win32
		{9BB2AB86-D327-46B6-B6DE-BEFE28FCD774}.VSDebug|Win32.ActiveCfg = VSDebug|Win32
		{9BB2AB86-D327-46B6-B6DE-BEFE28FCD774}.VSDebug|Win32.Build.0 = VSDebug|Win32
		{77F26317-9BA5-400D-B032-EBA381C6C2ED}.Release|Win32.ActiveCfg = Release|Win32
		{77F26317-9BA5-400D-B032-EBA381C6C2ED}.Release|Win32.Build.0 = Release|Win32
		{77F26317-9BA5-400D-B032-EBA381C6C2ED}.VSDebug|Win32.ActiveCfg = VSDebug|Win32
		{77F26317-9BA5-400D-B032-EBA381C6C2ED}.VSDebug|Win32.Build.0 = VSDebug|Win32
		{B2441D8C-9546-456A-BDAB-0CD8E27B32AE}.Release|Win32.ActiveCfg = Release|Win32
		{B2441D8C-9546-456A-BDAB-0CD8E27B32AE}.Release|Win32.Build.0 = Release|Win32
		{B2441D8C-9546-456A-BDAB-0CD8E27B32AE}.VSDebug|Win32.ActiveCfg = VSDebug|Win32
		{B2441D8C-9546-456A-BDAB-0CD8E27B32AE}.VSDebug|Win32.Build.0 = VSDebug|Win32
		{5D4AB9DF-F5A4-48B5-80F6-F15EC1D1F32E}.Release|Win32.ActiveCfg = Release|Win32
		{5D4AB9DF-F5A4-48B5-80F6-F15EC1D1F32E}.Release|Win32.Build.0 = Release|Win32
		{5D4AB9DF-F5A4-48B5-80F6-F15EC1D1F32E}.VSDebug|Win32.ActiveCfg = VSDebug|Win32
		{5D4AB9DF-F5A4-48B5-80F6-F15EC1D1F32E}.VSDebug|Win32.Build.0 = VSDebug|Win32
		{72AFA3A5-8C8A-4CD3-A0D5-DAB31504B733}.Release|Win32.ActiveCfg = Release|Win32
		{72AFA3A5-8C8A-4CD3-A0D5-DAB31504B733}.Release|Win32.Build.0 = Release|Win32
		{72AFA3A5-8C8A-4CD3-A0D5-DAB31504B733}.VSDebug|Win32.ActiveCfg = VSDebug|Win32
		{72AFA3A5-8C8A-4CD3-A0D5-DAB31504B733}.VSDebug|Win32.Build.0 = VSDebug|Win32
		{E9D0CA17-569E-4C09-B833-C512672E1DF1}.Release|Win32.ActiveCfg = Release|Win32
		{E9D0CA17-569E-4C09-B833-C512672E1DF1}.Release|Win32.Build.0 = Release|Win32
		{E9D0CA17-569E-4C09-B833-C512672E1DF1}.VSDebug|Win32.ActiveCfg = VSDebug|Win32
		{E9D0CA17-569E-4C09-B833-C512672E1DF1}.VSDebug|Win32.Build.0 = VSDebug|Win32
		{1EF9E0A2-E24B-4AB2-9B72-0329DBEB6F5F}.Release|Win32.ActiveCfg = Release|Win32
		{1EF9E0A2-E24B-4AB2-9B72-0329DBEB6F5F}.Release|Win32.Build.0 = Release|Win32
		{1EF9E0A2-E24B-4AB2-9B72-0329DBEB6F5F}.VSDebug|Win32.ActiveCfg = VSDebug|Win32
		{1EF9E0A2-E24B-4AB2-9B72-0329DBEB6F5F}.VSDebug|Win32.Build.0 = VSDebug|Win32
		{27CB9EE6-C3C8-4D59-A9E5-159C0D3780B5}.Release|Win32.ActiveCfg = Release|Win32
		{27CB9EE6-C3C8-4D59-A9E5-159C0D3780B5}.Release|Win32.Build.0 = Release|Win32
		{27CB9EE6-C3C8-4D59-A9E5-159C0D3780B5}.VSDebug|Win32.ActiveCfg = VSDebug|Win32
		{27CB9EE6-C3C8-4D59-A9E5-159C0D3780B5}.VSDebug|Win32.Build.0 = VSDebug|Win32
		{BFC77FDA-E32E-4DFA-AB15-DF32C0B4884D}.Release|Win32.ActiveCfg = Release|Win32
		{BFC77FDA-E32E-4DFA-AB15-DF32C0B4884D}.Release|Win32.Build.0 = Release|Win32
		{BFC77FDA-E32E-4DFA-AB15-DF32C0B4884D}.VSDebug|Win32.ActiveCfg = VSDebug|Win32
		{BFC77FDA-E32E-4DFA-AB15-DF32C0B4884D}.VSDebug|Win32.Build.0 = VSDebug|Win32
		{A364CFEF-5B70-40E4-9501-BDBA9638D8CD}.Release|Win32.ActiveCfg = Release|Win32
		{A364CFEF-5B70-40E4-9501-BDBA9638D8CD}.Release|Win32.Build.0 = Release|Win32
		{A364CFEF-5B70-40E4-9501-BDBA9638D8CD}.VSDebug|Win32.ActiveCfg = VSDebug|Win32
		{A364CFEF-5B70-40E4-9501-BDBA9638D8CD}.VSDebug|Win32.Build.0 = VSDebug|Win32
		{972B7094-DEA2-4C50-BC84-CA671DF8641D}.Release|Win32.ActiveCfg = Release|Win32
		{972B7094-DEA2-4C50-BC84-CA671DF8641D}.Release|Win32.Build.0 = Release|Win32
		{972B7094-DEA2-4C50-BC84-CA671DF8641D}.VSDebug|Win32.ActiveCfg = VSDebug|Win32
		{972B7094-DEA2-4C50-BC84-CA671DF8641D}.VSDebug|Win32.Build.0 = VSDebug|Win32
		{450080E3-79C5-496E-A36B-ED327599B98D}.Release|Win32.ActiveCfg = Release|Win32
		{450080E3-79C5-496E-A36B-ED327599B98D}.Release|Win32.Build.0 = Release|Win32
		{450080E3-79C5-496E-A36B-ED327599B98D}.VSDebug|Win32.ActiveCfg = VSDebug|Win32
		{450080E3-79C5-496E-A36B-ED327599B98D}.VSDebug|Win32.Build.0 = VSDebug|Win32
		{2B8D2A5D-50B8-4A0D-BF07-A50C83ED669E}.Release|Win32.ActiveCfg = Release|Win32
		{2B8D2A5D-50B8-4A0D-BF07-A50C83ED669E}.Release|Win32.Build.0 = Release|Win32
		{2B8D2A5D-50B8-4A0D-BF07-A50C83ED669E}.VSDebug|Win32.ActiveCfg = VSDebug|Win32
		{2B8D2A5D-50B8-4A0D-BF07-A50C83ED669E}.VSDebug|Win32.Build.0 = VSDebug|Win32
		{05D8EF21-7D87-46F6-8C2A-7E6AD9F734F0}.Release|Win32.ActiveCfg = Release|Win32
		{05D8EF21-7D87-46F6-8C2A-7E6AD9F734F0}.Release|Win32.Build.0 = Release|Win32
		{05D8EF21-7D87-46F6-8C2A-7E6AD9F734F0}.VSDebug|Win32.ActiveCfg = VSDebug|Win32
		{05D8EF21-7D87-46F6-8C2A-7E6AD9F734F0}.VSDebug|Win32.Build.0 = VSDebug|Win32
		{AECA1696-EAB6-4DFE-AF06-0C3A91EDAEB9}.Release|Win32.ActiveCfg = Release|Win32
		{AECA1696-EAB6-4DFE-AF06-0C3A91EDAEB9}.Release|Win32.Build.0 = Release|Win32
		{AECA1696-EAB6-4DFE-AF06-0C3A91EDAEB9}.VSDebug|Win32.ActiveCfg = VSDebug|Win32
		{AECA1696-EAB6-4DFE-AF06-0C3A91EDAEB9}.VSDebug|Win32.Build.0 = VSDebug|Win32
		{4738C5D2-3800-45A5-BB13-1C7EE127F09A}.Release|Win32.ActiveCfg = Release|Win32
		{4738C5D2-3800-45A5-BB13-1C7EE127F09A}.Release|Win32.Build.0 = Release|Win32
		{4738C5D2-3800-45A5-BB13-1C7EE127F09A}.VSDebug|Win32.ActiveCfg = VSDebug|Win32
		{4738C5D2-3800-45A5-BB13-1C7EE127F09A}.VSDebug|Win32.Build.0 = VSDebug|Win32
		{FDA8E70A-F16B-4AB8-995F-D0AD5EEB00DC}.Release|Win32.ActiveCfg = Release|Win32
		{FDA8E70A-F16B-4AB8-995F-D0AD5EEB00DC}.Release|Win32.Build.0 = Release|Win32
		{FDA8E70A-F16B-4AB8-995F-D0AD5EEB00DC}.VSDebug|Win32.ActiveCfg = VSDebug|Win32
		{FDA8E70A-F16B-4AB8-995F-D0AD5EEB00DC}.VSDebug|Win32.Build.0 = VSDebug|Win32
		{F001D382-0FF4-4235-BB21-1596976C1273}.Release|Win32.ActiveCfg = Release|Win32
		{F001D382-0FF4-4235-BB21-1596976C1273}.Release|Win32.Build.0 = Release|Win32
		{F001D382-0FF4-4235-BB21-1596976C1273}.VSDebug|Win32.ActiveCfg = VSDebug|Win32
		{F001D382-0FF4-4235-BB21-1596976C1273}.VSDebug|Win32.Build.0 = VSDebug|Win32
		{7A60F60A-8681-4A08-85C9-95EE116B0A72}.Release|Win32.ActiveCfg = Release|Win32
		{7A60F60A-8681-4A08-85C9-95EE116B0A72}.Release|Win32.Build.0 = Release|Win32
		{7A60F60A-8681-4A08-85C9-95EE116B0A72}.VSDebug|Win32.ActiveCfg = VSDebug|Win32
		{7A60F60A-8681-4A08-85C9-95EE116B0A72}.VSDebug|Win32.Build.0 = VSDebug|Win32
		{4B59BC2E-FE1B-44E6-8E3B-6DF09BC7C94F}.Release|Win32.ActiveCfg = Release|Win32
		{4B59BC2E-FE1B-44E6-8E3B-6DF09BC7C94F}.Release|Win32.Build.0 = Release|Win32
		{4B59BC2E-FE1B-44E6-8E3B-6DF09BC7C94F}.VSDebug|Win32.ActiveCfg = VSDebug|Win32
		{4B59BC2E-FE1B-44E6-8E3B-6DF09BC7C94F}.VSDebug|Win32.Build.0 = VSDebug|Win32
		{B15E2BE1-9872-4834-8D9B-5BC71B0D5FEB}.Release|Win32.ActiveCfg = Release|Win32
		{B15E2BE1-9872-4834-8D9B-5BC71B0D5FEB}.Release|Win32.Build.0 = Release|Win32
		{B15E2BE1-9872-4834-8D9B-5BC71B0D5FEB}.VSDebug|Win32.ActiveCfg = VSDebug|Win32
		{B15E2BE1-9872-4834-8D9B-5BC71B0D5FEB}.VSDebug|Win32.Build.0 = VSDebug|Win32
		{3F62FCD2-F489-473F-B69B-F6D02E8A34BD}.Release|Win32.ActiveCfg = Release|Win32
		{3F62FCD2-F489-473F-B69B-F6D02E8A34BD}.Release|Win32.Build.0 = Release|Win32
		{3F62FCD2-F489-473F-B69B-F6D02E8A34BD}.VSDebug|Win32.ActiveCfg = VSDebug|Win32
		{3F62FCD2-F489-473F-B69B-F6D02E8A34BD}.VSDebug|Win32.Build.0 = VSDebug|Win32
		{9678671D-96FF-4EAA-B0C7-47384D5ACB73}.Release|Win32.ActiveCfg = Release|Win32
		{9678671D-96FF-4EAA-B0C7-47384D5ACB73}.Release|Win32.Build.0 = Release|Win32
		{9678671D-96FF-4EAA-B0C7-47384D5ACB73}.VSDebug|Win32.ActiveCfg = VSDebug|Win32
		{9678671D-96FF-4EAA-B0C7-47384D5ACB73}.VSDebug|Win32.Build.0 = VSDebug|Win32
		{C37A4858-E82E-4A9E-B75F-2A833A428288}.Release|Win32.ActiveCfg = Release|Win32
		{C37A4858-E82E-4A9E-B75F-2A833A428288}.Release|Win32.Build.0 = Release|Win32
		{C37A4858-E82E-4A9E-B75F-2A833A428288}.VSDebug|Win32.ActiveCfg = VSDebug|Win32
		{C37A4858-E82E-4A9E-B75F-2A833A428288}.VSDebug|Win32.Build.0 = VSDebug|Win32
		{DBA1DAD6-A334-453D-9396-488BCE335A09}.Release|Win32.ActiveCfg = Release|Win32
		{DBA1DAD6-A334-453D-9396-488BCE335A09}.Release|Win32.Build.0 = Release|Win32
		{DBA1DAD6-A334-453D-9396-488BCE335A09}.VSDebug|Win32.ActiveCfg = VSDebug|Win32
		{DBA1DAD6-A334-453D-9396-488BCE335A09}.VSDebug|Win32.Build.0 = VSDebug|Win32
		{E74B66CF-843D-4BB4-9EF7-2A882E0D79F6}.Release|Win32.ActiveCfg = Release|Win32
		{E74B66CF-843D-4BB4-9EF7-2A882E0D79F6}.Release|Win32.Build.0 = Release|Win32
		{E74B66CF-843D-4BB4-9EF7-2A882E0D79F6}.VSDebug|Win32.ActiveCfg = VSDebug|Win32
		{E74B66CF-843D-4BB4-9EF7-2A882E0D79F6}.VSDebug|Win32.Build.0 = VSDebug|Win32
		{906D9A07-C996-4B38-A309-0E42898D0E90}.Release|Win32.ActiveCfg = Release|Win32
		{906D9A07-C996-4B38-A309-0E42898D0E90}.Release|Win32.Build.0 = Release|Win32
		{906D9A07-C996-4B38-A309-0E42898D0E90}.VSDebug|Win32.ActiveCfg = VSDebug|Win32
		{906D9A07-C996-4B38-A309-0E42898D0E90}.VSDebug|Win32.Build.0 = VSDebug|Win32
		{3B102BD7-BA05-43ED-86DD-B115578E7C8D}.Release|Win32.ActiveCfg = Release|Win32
		{3B102BD7-BA05-43ED-86DD-B115578E7C8D}.Release|Win32.Build.0 = Release|Win32
		{3B102BD7-BA05-43ED-86DD-B115578E7C8D}.VSDebug|Win32.ActiveCfg = VSDebug|Win32
		{3B102BD7-BA05-43ED-86DD-B115578E7C8D}.VSDebug|Win32.Build.0 = VSDebug|Win32
		{3F7E08D9-3658-4BD5-AC9E-4F76083392E4}.Release|Win32.ActiveCfg = Release|Win32
		{3F7E08D9-3658-4BD5-AC9E-4F76083392E4}.Release|Win32.Build.0 = Release|Win32
		{3F7E08D9-3658-4BD5-AC9E-4F76083392E4}.VSDebug|Win32.ActiveCfg = VSDebug|Win32
		{3F7E08D9-3658-4BD5-AC9E-4F76083392E4}.VSDebug|Win32.Build.0 = VSDebug|Win32
		{421A4AAD-4B4B-44F7-9D7E-744176572A2F}.Release|Win32.ActiveCfg = Release|Win32
		{421A4AAD-4B4B-44F7-9D7E-744176572A2F}.Release|Win32.Build.0 = Release|Win32
		{421A4AAD-4B4B-44F7-9D7E-744176572A2F}.VSDebug|Win32.ActiveCfg = VSDebug|Win32
		{421A4AAD-4B4B-44F7-9D7E-744176572A2F}.VSDebug|Win32.Build.0 = VSDebug|Win32
		{42DF16BD-BEAE-4E69-999B-64E84696F300}.Release|Win32.ActiveCfg = Release|Win32
		{42DF16BD-BEAE-4E69-999B-64E84696F300}.Release|Win32.Build.0 = Release|Win32
		{42DF16BD-BEAE-4E69-999B-64E84696F300}.VSDebug|Win32.ActiveCfg = VSDebug|Win32
		{42DF16BD-BEAE-4E69-999B-64E84696F300}.VSDebug|Win32.Build.0 = VSDebug|Win32
		{B46FA8F9-554F-4104-982B-505EF17E3294}.Release|Win32.ActiveCfg = Release|Win32
		{B46FA8F9-554F-4104-982B-505EF17E3294}.Release|Win32.Build.0 = Release|Win32
		{B46FA8F9-554F-4104-982B-505EF17E3294}.VSDebug|Win32.ActiveCfg = VSDebug|Win32
		{B46FA8F9-554F-4104-982B-505EF17E3294}.VSDebug|Win32.Build.0 = VSDebug|Win32
		{F3EC3BB9-A47A-4F4B-AB5A-5FF31DB036B7}.Release|Win32.ActiveCfg = Release|Win32
		{F3EC3BB9-A47A-4F4B-AB5A-5FF31DB036B7}.Release|Win32.Build.0 = Release|Win32
		{F3EC3BB9-A47A-4F4B-AB5A-5FF31DB036B7}.VSDebug|Win32.ActiveCfg = VSDebug|Win32
		{F3EC3BB9-A47A-4F4B-AB5A-5FF31DB036B7}.VSDebug|Win32.Build.0 = VSDebug|Win32
		{AC60D736-3920-4141-BC57-BEA75840DED6}.Release|Win32.ActiveCfg = Release|Win32
		{AC60D736-3920-4141-BC57-BEA75840DED6}.Release|Win32.Build.0 = Release|Win32
		{AC60D736-3920-4141-BC57-BEA75840DED6}.VSDebug|Win32.ActiveCfg = VSDebug|Win32
		{AC60D736-3920-4141-BC57-BEA75840DED6}.VSDebug|Win32.Build.0 = VSDebug|Win32
		{A45A78C4-A4F7-4522-A48C-3C43EEC680E2}.Release|Win32.ActiveCfg = Release|Win32
		{A45A78C4-A4F7-4522-A48C-3C43EEC680E2}.Release|Win32.Build.0 = Release|Win32
		{A45A78C4-A4F7-4522-A48C-3C43EEC680E2}.VSDebug|Win32.ActiveCfg = VSDebug|Win32
		{A45A78C4-A4F7-4522-A48C-3C43EEC680E2}.VSDebug|Win32.Build.0 = VSDebug|Win32
		{A2F3ABC3-02FF-4054-8485-A649505D64BE}.Release|Win32.ActiveCfg = Release|Win32
		{A2F3ABC3-02FF-4054-8485-A649505D64BE}.Release|Win32.Build.0 = Release|Win32
		{A2F3ABC3-02FF-4054-8485-A649505D64BE}.VSDebug|Win32.ActiveCfg = VSDebug|Win32
		{A2F3ABC3-02FF-4054-8485-A649505D64BE}.VSDebug|Win32.Build.0 = VSDebug|Win32
		{81AEA530-B066-4484-B1C1-933A26E7C643}.Release|Win32.ActiveCfg = Release|Win32
		{81AEA530-B066-4484-B1C1-933A26E7C643}.Release|Win32.Build.0 = Release|Win32
		{81AEA530-B066-4484-B1C1-933A26E7C643}.VSDebug|Win32.ActiveCfg = VSDebug|Win32
		{81AEA530-B066-4484-B1C1-933A26E7C643}.VSDebug|Win32.Build.0 = VSDebug|Win32
		{4BB387E2-0D3A-41D9-AFC9-30859AC920F3}.Release|Win32.ActiveCfg = Release|Win32
		{4BB387E2-0D3A-41D9-AFC9-30859AC920F3}.Release|Win32.Build.0 = Release|Win32
		{4BB387E2-0D3A-41D9-AFC9-30859AC920F3}.VSDebug|Win32.ActiveCfg = VSDebug|Win32
		{4BB387E2-0D3A-41D9-AFC9-30859AC920F3}.VSDebug|Win32.Build.0 = VSDebug|Win32
		{DDBD6195-A0FF-4DD8-95A9-92F66082CE74}.Release|Win32.ActiveCfg = Release|Win32
		{DDBD6195-A0FF-4DD8-95A9-92F66082CE74}.Release|Win32.Build.0 = Release|Win32
		{DDBD6195-A0FF-4DD8-95A9-92F66082CE74}.VSDebug|Win32.ActiveCfg = VSDebug|Win32
		{DDBD6195-A0FF-4DD8-95A9-92F66082CE74}.VSDebug|Win32.Build.0 = VSDebug|Win32
		{6FC45EEE-3BD0-408C-87EE-FCB6DE408D9B}.Release|Win32.ActiveCfg = Release|Win32
		{6FC45EEE-3BD0-408C-87EE-FCB6DE408D9B}.Release|Win32.Build.0 = Release|Win32
		{6FC45EEE-3BD0-408C-87EE-FCB6DE408D9B}.VSDebug|Win32.ActiveCfg = VSDebug|Win32
		{6FC45EEE-3BD0-408C-87EE-FCB6DE408D9B}.VSDebug|Win32.Build.0 = VSDebug|Win32
		{5EA9A9F8-9713-4562-8D24-BE805B24C8F0}.Release|Win32.ActiveCfg = Release|Win32
		{5EA9A9F8-9713-4562-8D24-BE805B24C8F0}.Release|Win32.Build.0 = Release|Win32
		{5EA9A9F8-9713-4562-8D24-BE805B24C8F0}.VSDebug|Win32.ActiveCfg = VSDebug|Win32
		{5EA9A9F8-9713-4562-8D24-BE805B24C8F0}.VSDebug|Win32.Build.0 = VSDebug|Win32
		{1304753E-8962-4D71-9960-60A3E3DE34F0}.Release|Win32.ActiveCfg = Release|Win32
		{1304753E-8962-4D71-9960-60A3E3DE34F0}.Release|Win32.Build.0 = Release|Win32
		{1304753E-8962-4D71-9960-60A3E3DE34F0}.VSDebug|Win32.ActiveCfg = VSDebug|Win32
		{1304753E-8962-4D71-9960-60A3E3DE34F0}.VSDebug|Win32.Build.0 = VSDebug|Win32
		{7B39D03E-57C1-44C3-B904-4C5E59826DF6}.Release|Win32.ActiveCfg = Release|Win32
		{7B39D03E-57C1-44C3-B904-4C5E59826DF6}.Release|Win32.Build.0 = Release|Win32
		{7B39D03E-57C1-44C3-B904-4C5E59826DF6}.VSDebug|Win32.ActiveCfg = VSDebug|Win32
		{7B39D03E-57C1-44C3-B904-4C5E59826DF6}.VSDebug|Win32.Build.0 = VSDebug|Win32
		{841F470E-C83A-42CD-A9F4-E89DA54DBB69}.Release|Win32.ActiveCfg = Release|Win32
		{841F470E-C83A-42CD-A9F4-E89DA54DBB69}.Release|Win32.Build.0 = Release|Win32
		{841F470E-C83A-42CD-A9F4-E89DA54DBB69}.VSDebug|Win32.ActiveCfg = VSDebug|Win32
		{841F470E-C83A-42CD-A9F4-E89DA54DBB69}.VSDebug|Win32.Build.0 = VSDebug|Win32
		{A1CEA497-3AAD-4ECF-BFA4-ECEA6A30E57C}.Release|Win32.ActiveCfg = Release|Win32
		{A1CEA497-3AAD-4ECF-BFA4-ECEA6A30E57C}.Release|Win32.Build.0 = Release|Win32
		{A1CEA497-3AAD-4ECF-BFA4-ECEA6A30E57C}.VSDebug|Win32.ActiveCfg = VSDebug|Win32
		{A1CEA497-3AAD-4ECF-BFA4-ECEA6A30E57C}.VSDebug|Win32.Build.0 = VSDebug|Win32
		{30D7F0F5-AB0A-4A30-B6B0-6980046D1E79}.Release|Win32.ActiveCfg = Release|Win32
		{30D7F0F5-AB0A-4A30-B6B0-6980046D1E79}.Release|Win32.Build.0 = Release|Win32
		{30D7F0F5-AB0A-4A30-B6B0-6980046D1E79}.VSDebug|Win32.ActiveCfg = VSDebug|Win32
		{30D7F0F5-AB0A-4A30-B6B0-6980046D1E79}.VSDebug|Win32.Build.0 = VSDebug|Win32
		{F3E7EFE8-0026-49C0-9C0F-E2F08DB2B485}.Release|Win32.ActiveCfg = Release|Win32
		{F3E7EFE8-0026-49C0-9C0F-E2F08DB2B485}.Release|Win32.Build.0 = Release|Win32
		{F3E7EFE8-0026-49C0-9C0F-E2F08DB2B485}.VSDebug|Win32.ActiveCfg = VSDebug|Win32
		{F3E7EFE8-0026-49C0-9C0F-E2F08DB2B485}.VSDebug|Win32.Build.0 = VSDebug|Win32
		{CEDF8919-00B2-4D8A-88CC-84ADB2D2FF89}.Release|Win32.ActiveCfg = Release|Win32
		{CEDF8919-00B2-4D8A-88CC-84ADB2D2FF89}.Release|Win32.Build.0 = Release|Win32
		{CEDF8919-00B2-4D8A-88CC-84ADB2D2FF89}.VSDebug|Win32.ActiveCfg = VSDebug|Win32
		{CEDF8919-00B2-4D8A-88CC-84ADB2D2FF89}.VSDebug|Win32.Build.0 = VSDebug|Win32
		{41CFAFBF-A1C8-4704-AFEF-31979E6452B9}.Release|Win32.ActiveCfg = Release|Win32
		{41CFAFBF-A1C8-4704-AFEF-31979E6452B9}.Release|Win32.Build.0 = Release|Win32
		{41CFAFBF-A1C8-4704-AFEF-31979E6452B9}.VSDebug|Win32.ActiveCfg = VSDebug|Win32
		{41CFAFBF-A1C8-4704-AFEF-31979E6452B9}.VSDebug|Win32.Build.0 = VSDebug|Win32
		{E221DB4C-B254-47CB-993D-DC7FED580DA1}.Release|Win32.ActiveCfg = Release|Win32
		{E221DB4C-B254-47CB-993D-DC7FED580DA1}.Release|Win32.Build.0 = Release|Win32
		{E221DB4C-B254-47CB-993D-DC7FED580DA1}.VSDebug|Win32.ActiveCfg = VSDebug|Win32
		{E221DB4C-B254-47CB-993D-DC7FED580DA1}.VSDebug|Win32.Build.0 = VSDebug|Win32
		{25C60507-39C6-4564-912D-DA2E7482A00F}.Release|Win32.ActiveCfg = Release|Win32
		{25C60507-39C6-4564-912D-DA2E7482A00F}.Release|Win32.Build.0 = Release|Win32
		{25C60507-39C6-4564-912D-DA2E7482A00F}.VSDebug|Win32.ActiveCfg = VSDebug|Win32
		{25C60507-39C6-4564-912D-DA2E7482A00F}.VSDebug|Win32.Build.0 = VSDebug|Win32
		{4C93BDD3-1804-47F3-9B34-F2DE0CAE1AE0}.Release|Win32.ActiveCfg = Release|Win32
		{4C93BDD3-1804-47F3-9B34-F2DE0CAE1AE0}.Release|Win32.Build.0 = Release|Win32
		{4C93BDD3-1804-47F3-9B34-F2DE0CAE1AE0}.VSDebug|Win32.ActiveCfg = VSDebug|Win32
		{4C93BDD3-1804-47F3-9B34-F2DE0CAE1AE0}.VSDebug|Win32.Build.0 = VSDebug|Win32
		{9D37639F-1694-47DF-84BF-336D98E0639F}.Release|Win32.ActiveCfg = Release|Win32
		{9D37639F-1694-47DF-84BF-336D98E0639F}.Release|Win32.Build.0 = Release|Win32
		{9D37639F-1694-47DF-84BF-336D98E0639F}.VSDebug|Win32.ActiveCfg = VSDebug|Win32
		{9D37639F-1694-47DF-84BF-336D98E0639F}.VSDebug|Win32.Build.0 = VSDebug|Win32
		{8AFAA2C6-E025-4B45-B96F-A27D04C6115A}.Release|Win32.ActiveCfg = Release|Win32
		{8AFAA2C6-E025-4B45-B96F-A27D04C6115A}.Release|Win32.Build.0 = Release|Win32
		{8AFAA2C6-E025-4B45-B96F-A27D04C6115A}.VSDebug|Win32.ActiveCfg = VSDebug|Win32
		{8AFAA2C6-E025-4B45-B96F-A27D04C6115A}.VSDebug|Win32.Build.0 = VSDebug|Win32
		{3FFB9C05-1145-45A7-9ADE-5C8D70FBD7CA}.Release|Win32.ActiveCfg = Release|Win32
		{3FFB9C05-1145-45A7-9ADE-5C8D70FBD7CA}.Release|Win32.Build.0 = Release|Win32
		{3FFB9C05-1145-45A7-9ADE-5C8D70FBD7CA}.VSDebug|Win32.ActiveCfg = VSDebug|Win32
		{3FFB9C05-1145-45A7-9ADE-5C8D70FBD7CA}.VSDebug|Win32.Build.0 = VSDebug|Win32
		{CDB03E65-C81B-47E0-B70F-C880D841DD61}.Release|Win32.ActiveCfg = Release|Win32
		{CDB03E65-C81B-47E0-B70F-C880D841DD61}.Release|Win32.Build.0 = Release|Win32
		{CDB03E65-C81B-47E0-B70F-C880D841DD61}.VSDebug|Win32.ActiveCfg = VSDebug|Win32
		{CDB03E65-C81B-47E0-B70F-C880D841DD61}.VSDebug|Win32.Build.0 = VSDebug|Win32
		{BC27FF34-C859-4A1A-95D6-FC89952E1910}.Release|Win32.ActiveCfg = Release|Win32
		{BC27FF34-C859-4A1A-95D6-FC89952E1910}.Release|Win32.Build.0 = Release|Win32
		{BC27FF34-C859-4A1A-95D6-FC89952E1910}.VSDebug|Win32.ActiveCfg = VSDebug|Win32
		{BC27FF34-C859-4A1A-95D6-FC89952E1910}.VSDebug|Win32.Build.0 = VSDebug|Win32
		{AF5BD1AB-6303-4227-8257-5E9CCBCA72D6}.Release|Win32.ActiveCfg = Release|Win32
		{AF5BD1AB-6303-4227-8257-5E9CCBCA72D6}.Release|Win32.Build.0 = Release|Win32
		{AF5BD1AB-6303-4227-8257-5E9CCBCA72D6}.VSDebug|Win32.ActiveCfg = VSDebug|Win32
		{AF5BD1AB-6303-4227-8257-5E9CCBCA72D6}.VSDebug|Win32.Build.0 = VSDebug|Win32
		{85005D62-6AA7-4D8A-86CB-4061B23D7C6C}.Release|Win32.ActiveCfg = Release|Win32
		{85005D62-6AA7-4D8A-86CB-4061B23D7C6C}.Release|Win32.Build.0 = Release|Win32
		{85005D62-6AA7-4D8A-86CB-4061B23D7C6C}.VSDebug|Win32.ActiveCfg = VSDebug|Win32
		{85005D62-6AA7-4D8A-86CB-4061B23D7C6C}.VSDebug|Win32.Build.0 = VSDebug|Win32
		{BD3A95FA-A3DE-4B79-A889-A7E5ECA4B69C}.Release|Win32.ActiveCfg = Release|Win32
		{BD3A95FA-A3DE-4B79-A889-A7E5ECA4B69C}.Release|Win32.Build.0 = Release|Win32
		{BD3A95FA-A3DE-4B79-A889-A7E5ECA4B69C}.VSDebug|Win32.ActiveCfg = VSDebug|Win32
		{BD3A95FA-A3DE-4B79-A889-A7E5ECA4B69C}.VSDebug|Win32.Build.0 = VSDebug|Win32
		{5304AD69-D449-4589-B2C9-E4607E56A51D}.Release|Win32.ActiveCfg = Release|Win32
		{5304AD69-D449-4589-B2C9-E4607E56A51D}.Release|Win32.Build.0 = Release|Win32
		{5304AD69-D449-4589-B2C9-E4607E56A51D}.VSDebug|Win32.ActiveCfg = VSDebug|Win32
		{5304AD69-D449-4589-B2C9-E4607E56A51D}.VSDebug|Win32.Build.0 = VSDebug|Win32
		{6B758D1D-FE05-49C6-836B-9B8AC8DC4FCD}.Release|Win32.ActiveCfg = Release|Win32
		{6B758D1D-FE05-49C6-836B-9B8AC8DC4FCD}.Release|Win32.Build.0 = Release|Win32
		{6B758D1D-FE05-49C6-836B-9B8AC8DC4FCD}.VSDebug|Win32.ActiveCfg = VSDebug|Win32
		{6B758D1D-FE05-49C6-836B-9B8AC8DC4FCD}.VSDebug|Win32.Build.0 = VSDebug|Win32
		{A7545354-5D50-49F6-A3D0-1F97F6228955}.Release|Win32.ActiveCfg = Release|Win32
		{A7545354-5D50-49F6-A3D0-1F97F6228955}.Release|Win32.Build.0 = Release|Win32
		{A7545354-5D50-49F6-A3D0-1F97F6228955}.VSDebug|Win32.ActiveCfg = VSDebug|Win32
		{A7545354-5D50-49F6-A3D0-1F97F6228955}.VSDebug|Win32.Build.0 = VSDebug|Win32
		{F94DCC2D-2B49-453E-89B3-FD81992677D0}.Release|Win32.ActiveCfg = Release|Win32
		{F94DCC2D-2B49-453E-89B3-FD81992677D0}.Release|Win32.Build.0 = Release|Win32
		{F94DCC2D-2B49-453E-89B3-FD81992677D0}.VSDebug|Win32.ActiveCfg = VSDebug|Win32
		{F94DCC2D-2B49-453E-89B3-FD81992677D0}.VSDebug|Win32.Build.0 = VSDebug|Win32
		{B9332DC8-7594-47DF-80C1-38922E0F4DFB}.Release|Win32.ActiveCfg = Release|Win32
		{B9332DC8-7594-47DF-80C1-38922E0F4DFB}.Release|Win32.Build.0 = Release|Win32
		{B9332DC8-7594-47DF-80C1-38922E0F4DFB}.VSDebug|Win32.ActiveCfg = VSDebug|Win32
		{B9332DC8-7594-47DF-80C1-38922E0F4DFB}.VSDebug|Win32.Build.0 = VSDebug|Win32
		{B86FB73A-4ACC-42DE-9545-586D93955B06}.Release|Win32.ActiveCfg = Release|Win32
		{B86FB73A-4ACC-42DE-9545-586D93955B06}.Release|Win32.Build.0 = Release|Win32
		{B86FB73A-4ACC-42DE-9545-586D93955B06}.VSDebug|Win32.ActiveCfg = VSDebug|Win32
		{B86FB73A-4ACC-42DE-9545-586D93955B06}.VSDebug|Win32.Build.0 = VSDebug|Win32
		{C04A46DC-E851-4392-8B94-5604353E504D}.Release|Win32.ActiveCfg = Release|Win32
		{C04A46DC-E851-4392-8B94-5604353E504D}.Release|Win32.Build.0 = Release|Win32
		{C04A46DC-E851-4392-8B94-5604353E504D}.VSDebug|Win32.ActiveCfg = VSDebug|Win32
		{C04A46DC-E851-4392-8B94-5604353E504D}.VSDebug|Win32.Build.0 = VSDebug|Win32
	EndGlobalSection
	GlobalSection(SolutionProperties) = preSolution
		HideSolutionNode = FALSE
	EndGlobalSection
EndGlobal
